// !$*UTF8*$!
{
	archiveVersion = 1;
	classes = {
	};
	objectVersion = 56;
	objects = {

/* Begin PBXBuildFile section */
		040D77CC7FC7DDF02E82AD32 /* KeychainStore.swift in Sources */ = {isa = PBXBuildFile; fileRef = 73D67877BC393CECB2E02474 /* KeychainStore.swift */; };
		06A537ABBFB8D5873812BDD2 /* StopCardView.swift in Sources */ = {isa = PBXBuildFile; fileRef = F73A09E1281950C78A2D0821 /* StopCardView.swift */; };
		14EB12BAF8F5CB77D7A4DF95 /* RootView.swift in Sources */ = {isa = PBXBuildFile; fileRef = 44859802708EFA50B0DE7353 /* RootView.swift */; };
		16136063FF479A7B6236094C /* ScheduleDay.swift in Sources */ = {isa = PBXBuildFile; fileRef = 816872EBC5C2A53815D7E212 /* ScheduleDay.swift */; };
		1A500E3E80626FB6683AA6F1 /* VisitDetailView.swift in Sources */ = {isa = PBXBuildFile; fileRef = AC8674D3A1F9F01248ECB134 /* VisitDetailView.swift */; };
		1D762428510570A1A0D08B4C /* DayListView.swift in Sources */ = {isa = PBXBuildFile; fileRef = C0E0EE6C511F5B6548BA7FB0 /* DayListView.swift */; };
		2FBD157C6E8D45ACE46C8079 /* AuthSession.swift in Sources */ = {isa = PBXBuildFile; fileRef = 11B9496B9E804E3CD0342C49 /* AuthSession.swift */; };
		351D8A7C9D72F008F0DD24CC /* PendingTransition.swift in Sources */ = {isa = PBXBuildFile; fileRef = A66186FA7B72C0E2DE4F3208 /* PendingTransition.swift */; };
		42FE3CC920D2D08E173E259C /* APIError.swift in Sources */ = {isa = PBXBuildFile; fileRef = E2318C0D8CC141570D7D494B /* APIError.swift */; };
		4D2F723DF88B7B1C76F9826A /* WeekStripView.swift in Sources */ = {isa = PBXBuildFile; fileRef = 68D4D6F730154942832B001A /* WeekStripView.swift */; };
		50553DCBC50019B902081947 /* MowologyCRMApp.swift in Sources */ = {isa = PBXBuildFile; fileRef = A756819D930BDD10EFFEC4FA /* MowologyCRMApp.swift */; };
		51EE3493C4054F68A55A3791 /* ArrivalMonitor.swift in Sources */ = {isa = PBXBuildFile; fileRef = 6E5F8DDDD742A43A1EAAE7A2 /* ArrivalMonitor.swift */; };
		53692A746795599535BF90C5 /* VisitDetailViewModel.swift in Sources */ = {isa = PBXBuildFile; fileRef = 1B1F4DFF661307A98228D10E /* VisitDetailViewModel.swift */; };
		559940D1EF1EF0CFE5B02CCF /* APIEndpoints.swift in Sources */ = {isa = PBXBuildFile; fileRef = 68F3A974B3D602E24E8A79E8 /* APIEndpoints.swift */; };
		6881EC1D48D828499C14141B /* VersionCheckService.swift in Sources */ = {isa = PBXBuildFile; fileRef = A3914DFABD5F183B4DC1E39D /* VersionCheckService.swift */; };
		8DA04E42442B3D09E704A1CA /* APIClient.swift in Sources */ = {isa = PBXBuildFile; fileRef = 2E7C92CC6796BADE174216F5 /* APIClient.swift */; };
		91FBDAEEE518FB75A1B8618F /* ScheduleView.swift in Sources */ = {isa = PBXBuildFile; fileRef = 6974DEA9D3487E5FED73FB01 /* ScheduleView.swift */; };
		94B59F73A0682ED1CD8AC10B /* TimeClockView.swift in Sources */ = {isa = PBXBuildFile; fileRef = 3E6B8B9FAA059A2B8E0D18BB /* TimeClockView.swift */; };
		97A54DA2AA9F9A04CA89CD15 /* LoginView.swift in Sources */ = {isa = PBXBuildFile; fileRef = 6BC0B66BE87B94B74DD29C05 /* LoginView.swift */; };
		98CACC8E6F7BCCE057B7ECE3 /* Stop.swift in Sources */ = {isa = PBXBuildFile; fileRef = 84917CCF5BF871EC2B745DC4 /* Stop.swift */; };
		9BF8231179B2D42C3B2FB208 /* TransitionQueue.swift in Sources */ = {isa = PBXBuildFile; fileRef = F33171690DA9721C3D67B8E9 /* TransitionQueue.swift */; };
		ABDBDE4BD9E38E90A1C48150 /* LocationManager.swift in Sources */ = {isa = PBXBuildFile; fileRef = 47AF8B2A204E50B9D3125AC4 /* LocationManager.swift */; };
		AC262C96AEC72A40D96A78DD /* PingQueue.swift in Sources */ = {isa = PBXBuildFile; fileRef = CE716DE714937E2614370F75 /* PingQueue.swift */; };
		B659D3009851109F21A1D830 /* TimeClockViewModel.swift in Sources */ = {isa = PBXBuildFile; fileRef = 2AD39E1B3611B5D04E228868 /* TimeClockViewModel.swift */; };
		BC6EBC60EA41994E7ACED719 /* ScheduleViewModel.swift in Sources */ = {isa = PBXBuildFile; fileRef = DEA3E082EB582E2D8825C262 /* ScheduleViewModel.swift */; };
		CA4E4AC42424C3DDC72267B8 /* LoginViewModel.swift in Sources */ = {isa = PBXBuildFile; fileRef = 82CAF080C57ADDAE06034F25 /* LoginViewModel.swift */; };
		D19153AE246923974F17958E /* MainTabView.swift in Sources */ = {isa = PBXBuildFile; fileRef = 6ADD8A18FF486977AA4DB924 /* MainTabView.swift */; };
		E9B866846859D619AEF25219 /* Visit.swift in Sources */ = {isa = PBXBuildFile; fileRef = 46E2EA872345FA9825A6DF2E /* Visit.swift */; };
		EEBE85EF323D09C7CB7AB4E7 /* Assets.xcassets in Resources */ = {isa = PBXBuildFile; fileRef = C8040C6DF2C66988040204FE /* Assets.xcassets */; };
		F15F7146DF34D7E2CBD8CF76 /* AppUpdateView.swift in Sources */ = {isa = PBXBuildFile; fileRef = 92AA5A01A2F642A2561CFFD9 /* AppUpdateView.swift */; };
		F6DE13FCED1F010D001CEC2D /* User.swift in Sources */ = {isa = PBXBuildFile; fileRef = C9C49661C41333A49EE1D301 /* User.swift */; };
		FBBA8A2663D90AF691D24800 /* RouteStore.swift in Sources */ = {isa = PBXBuildFile; fileRef = DFEFBC83ADF17258DCA610C2 /* RouteStore.swift */; };
		6BD49E1E63D34A44ACF095A6 /* GPSTrackingService.swift in Sources */ = {isa = PBXBuildFile; fileRef = C547C4C433774E19B449B943 /* GPSTrackingService.swift */; };
		FEC47F5526ACC47E8A074ADF /* TimeClockModels.swift in Sources */ = {isa = PBXBuildFile; fileRef = AD88E66FE7C3D2F54EEB6953 /* TimeClockModels.swift */; };
		B4E3D9C25F6A7B8901234567 /* MWTheme.swift in Sources */ = {isa = PBXBuildFile; fileRef = A3F2C8D14E5B6A7890123456 /* MWTheme.swift */; };
		B161D21DEEAF8DED7311CA9C /* DayMapView.swift in Sources */ = {isa = PBXBuildFile; fileRef = A16DCCA87E60FAD86C6FAE71 /* DayMapView.swift */; };
		93E391A3F948150485F22F58 /* ReceiptIntakeResponse.swift in Sources */ = {isa = PBXBuildFile; fileRef = 15B038E603948161013BAE5A /* ReceiptIntakeResponse.swift */; };
		49645AA7886A3ED4FD566566 /* Expense.swift in Sources */ = {isa = PBXBuildFile; fileRef = D2304800F25344F166EF4441 /* Expense.swift */; };
		4681461D8C647D016A721BAD /* ReceiptQueue.swift in Sources */ = {isa = PBXBuildFile; fileRef = 20334B98F42E1FA61C896430 /* ReceiptQueue.swift */; };
		59F63DF93D0D83CCF97DC0EE /* ReceiptsViewModel.swift in Sources */ = {isa = PBXBuildFile; fileRef = B66D635A5EA948A73D504CD1 /* ReceiptsViewModel.swift */; };
		4E54D67307C034ED0D6F0505 /* ReceiptsView.swift in Sources */ = {isa = PBXBuildFile; fileRef = 41A00EA0662C14163182538D /* ReceiptsView.swift */; };
		F036B900A7BBD78F6D09B729 /* ReceiptCaptureView.swift in Sources */ = {isa = PBXBuildFile; fileRef = C0ED400491FC08BF80DB7ED9 /* ReceiptCaptureView.swift */; };
		52B9F6F7B03C21A7B3B2D326 /* ReceiptReviewView.swift in Sources */ = {isa = PBXBuildFile; fileRef = 020A7702F7F98D53EF42EBAC /* ReceiptReviewView.swift */; };
		7E370E37A35300E0427971F9 /* ActivityMonitor.swift in Sources */ = {isa = PBXBuildFile; fileRef = BDD36DA83B03006206BEC033 /* ActivityMonitor.swift */; };
		5D133D3B226E9B76CE60E3E6 /* JobPhotoSection.swift in Sources */ = {isa = PBXBuildFile; fileRef = B448B82DBF4BE3E971A5357D /* JobPhotoSection.swift */; };
		830366ECB2EB0FD75F3B29CB /* VisitWorkView.swift in Sources */ = {isa = PBXBuildFile; fileRef = B19463DBBCA2314B237BE00C /* VisitWorkView.swift */; };
		86E989C600C80A671765708E /* VisitWorkViewModel.swift in Sources */ = {isa = PBXBuildFile; fileRef = 3FDD84813573A6DC8A7E4DB7 /* VisitWorkViewModel.swift */; };
		28DDF3EB718E233882AA85C8 /* CrewTrail.swift in Sources */ = {isa = PBXBuildFile; fileRef = EAFA16A03CBB34877128A74E /* CrewTrail.swift */; };
		BB1234567890ABCDEF123401 /* QuizModels.swift in Sources */ = {isa = PBXBuildFile; fileRef = AA1234567890ABCDEF123401 /* QuizModels.swift */; };
		BB1234567890ABCDEF123402 /* QuizView.swift in Sources */ = {isa = PBXBuildFile; fileRef = AA1234567890ABCDEF123402 /* QuizView.swift */; };
		BB1234567890ABCDEF123403 /* QuizViewModel.swift in Sources */ = {isa = PBXBuildFile; fileRef = AA1234567890ABCDEF123403 /* QuizViewModel.swift */; };
		6CB330DA9E770330F8DBB500 /* ClockQueue.swift in Sources */ = {isa = PBXBuildFile; fileRef = C38B412AFB12D52D9679198C /* ClockQueue.swift */; };
		FEE6F4240C835E02425E19BD /* JobPhotoQueue.swift in Sources */ = {isa = PBXBuildFile; fileRef = 020780B1CE91FCD6C5F342B3 /* JobPhotoQueue.swift */; };
		9123154214A57C98D697E9A0 /* ScheduleCache.swift in Sources */ = {isa = PBXBuildFile; fileRef = AD1CBB45AF36E4DCB8B81C51 /* ScheduleCache.swift */; };
		AE1AF86458AB9A5AF544B539 /* JobsQuotesInvoicesModels.swift in Sources */ = {isa = PBXBuildFile; fileRef = 23FD0CE4AE1671A750AF3E16 /* JobsQuotesInvoicesModels.swift */; };
		82CBFFA501D2E549A9AEFAC4 /* JobActivityAttributes.swift in Sources */ = {isa = PBXBuildFile; fileRef = DCEB9B209AB3B7603BD9A6F4 /* JobActivityAttributes.swift */; };
		063C9073093CB02382B2EC2C /* VisionOCRService.swift in Sources */ = {isa = PBXBuildFile; fileRef = E71C95C13C83CCEA91B6BF20 /* VisionOCRService.swift */; };
		D2DC02454C8DA27D6675BB2F /* EmptyStateView.swift in Sources */ = {isa = PBXBuildFile; fileRef = 683A1D4B1D875C8D39EF7072 /* EmptyStateView.swift */; };
		9690C6EBA04B8BEA8B7B7B13 /* ErrorBannerView.swift in Sources */ = {isa = PBXBuildFile; fileRef = AE719142A34D63B44BFD3074 /* ErrorBannerView.swift */; };
		9D61F3EF70C3756764064616 /* CalendarSyncService.swift in Sources */ = {isa = PBXBuildFile; fileRef = 7D6FBBBC8A8782A7FE767C2B /* CalendarSyncService.swift */; };
		9F3DA5FD077BA73C4F89DBC3 /* DeviceTokenService.swift in Sources */ = {isa = PBXBuildFile; fileRef = 70B6262F1652C439EF4C0F33 /* DeviceTokenService.swift */; };
		4C7D2223DF788775EA9A96A9 /* DevErrorBus.swift in Sources */ = {isa = PBXBuildFile; fileRef = 07DD66EE0A35405814DD3D82 /* DevErrorBus.swift */; };
		017CC6F86454321D6D579F43 /* AppDelegate.swift in Sources */ = {isa = PBXBuildFile; fileRef = 783EC7CAE7D0D0D827FDEDBF /* AppDelegate.swift */; };
		317743F5DF244CC62FE421FB /* DayRouteView.swift in Sources */ = {isa = PBXBuildFile; fileRef = 6B48592BAC401D1AED784578 /* DayRouteView.swift */; };
		DF7E06EB06D3D67D951125F5 /* MessagesViewModel.swift in Sources */ = {isa = PBXBuildFile; fileRef = 388179445D016F234C7B6272 /* MessagesViewModel.swift */; };
		6F21B0B47BB4E1DE832318A4 /* MessagesView.swift in Sources */ = {isa = PBXBuildFile; fileRef = 51E5B208F2E93850099B834E /* MessagesView.swift */; };
		0EF2FD5B8C7BF7630058E865 /* MessageModels.swift in Sources */ = {isa = PBXBuildFile; fileRef = A522741C6A6EFBB80556D2BF /* MessageModels.swift */; };
		5BAE4AA72F9C8FA34E29FF97 /* InvoicesViewModel.swift in Sources */ = {isa = PBXBuildFile; fileRef = EBFD5988D30BEC5153325102 /* InvoicesViewModel.swift */; };
		658DF7B600099EE97BE2B7D7 /* InvoicesView.swift in Sources */ = {isa = PBXBuildFile; fileRef = BF8B37CB99942ABF04099B57 /* InvoicesView.swift */; };
		C61056E38AF63172F47C4C7E /* InvoiceModels.swift in Sources */ = {isa = PBXBuildFile; fileRef = B96F99B54C71459F19F8F5EF /* InvoiceModels.swift */; };
		DB1F78066AC01B0EC6419FA9 /* InvoiceComposeView.swift in Sources */ = {isa = PBXBuildFile; fileRef = EFD7C52DF5206570D10D59F2 /* InvoiceComposeView.swift */; };
		6F1218E0A15A15D2EB1E22A2 /* InvoiceComposeViewModel.swift in Sources */ = {isa = PBXBuildFile; fileRef = 9B2D4A49ADFFE9C4ADA14C8E /* InvoiceComposeViewModel.swift */; };
		8289274A751E5F5F51977D40 /* QuotesViewModel.swift in Sources */ = {isa = PBXBuildFile; fileRef = 25C65D44A564B9D1F3913F66 /* QuotesViewModel.swift */; };
		3D2BB83DBFE4061D55B7D9A4 /* QuotesView.swift in Sources */ = {isa = PBXBuildFile; fileRef = 0DD35F027AA028DAB116C92A /* QuotesView.swift */; };
		C6BA049B1A133166469E7649 /* CrewMapView.swift in Sources */ = {isa = PBXBuildFile; fileRef = 1D6CD36CB0B8E5B1EF8A3657 /* CrewMapView.swift */; };
		6F407981E32288EB0E5AEF15 /* CrewMapViewModel.swift in Sources */ = {isa = PBXBuildFile; fileRef = 708AB5C218BE0AFA63858EBF /* CrewMapViewModel.swift */; };
		A35A6BA92027DD5613AC1D96 /* CrewMapModels.swift in Sources */ = {isa = PBXBuildFile; fileRef = BACA18A794492A461356FC78 /* CrewMapModels.swift */; };
		A212A5CFC3FD9DF9D28B1555 /* LeaderboardViewModel.swift in Sources */ = {isa = PBXBuildFile; fileRef = 13B3CE91EE4D13720EB94808 /* LeaderboardViewModel.swift */; };
		FC18D0A93F1538DBDCFDB58B /* LeaderboardView.swift in Sources */ = {isa = PBXBuildFile; fileRef = D9FEE3C2C7357DDD58576E5F /* LeaderboardView.swift */; };
		E528775BAE41F9048BFCE421 /* LeaderboardModels.swift in Sources */ = {isa = PBXBuildFile; fileRef = 5F703E06363D9C6BE97699F0 /* LeaderboardModels.swift */; };
		6A567EFFD9910F4548FAE63D /* JobsListViewModel.swift in Sources */ = {isa = PBXBuildFile; fileRef = 85758A4EC9AD151D51C79AC5 /* JobsListViewModel.swift */; };
		9D8769DD00DDEAF3E56D1C2E /* JobsListView.swift in Sources */ = {isa = PBXBuildFile; fileRef = C55F15FFA1FF6284895E3895 /* JobsListView.swift */; };
		ABEF5AB12F4577F4BE9E15A6 /* ReportsView.swift in Sources */ = {isa = PBXBuildFile; fileRef = E14E7E9BFCD3A7EC8E4BE4AB /* ReportsView.swift */; };
		C0734BEA0E27A259E9D0695A /* ReportModels.swift in Sources */ = {isa = PBXBuildFile; fileRef = BE1FDC55765844BAF489EBCF /* ReportModels.swift */; };
		9E8E0E391B7C1BA00510EA2D /* ReportChartView.swift in Sources */ = {isa = PBXBuildFile; fileRef = 32F7049E1633310D7975230D /* ReportChartView.swift */; };
		AFAD015BB9D78959494D5C31 /* ReportsViewModel.swift in Sources */ = {isa = PBXBuildFile; fileRef = A5A0DE48EB02D5C9747FE99C /* ReportsViewModel.swift */; };
		5AAFF6AF9E68378A400F6657 /* ClockInIntent.swift in Sources */ = {isa = PBXBuildFile; fileRef = 90C667FF46EC2B266DE11963 /* ClockInIntent.swift */; };
		73F6FC84E47A1D864C3B18E5 /* ShowScheduleIntent.swift in Sources */ = {isa = PBXBuildFile; fileRef = 6B5EFFFBCFAAD856E43264A9 /* ShowScheduleIntent.swift */; };
		1B0ED1F5E664CA7DB3018231 /* ClockOutIntent.swift in Sources */ = {isa = PBXBuildFile; fileRef = CE94A123C42B905BE6904B4F /* ClockOutIntent.swift */; };
/* End PBXBuildFile section */

/* Begin PBXFileReference section */
		11B9496B9E804E3CD0342C49 /* AuthSession.swift */ = {isa = PBXFileReference; lastKnownFileType = sourcecode.swift; path = AuthSession.swift; sourceTree = "<group>"; };
		1B1F4DFF661307A98228D10E /* VisitDetailViewModel.swift */ = {isa = PBXFileReference; lastKnownFileType = sourcecode.swift; path = VisitDetailViewModel.swift; sourceTree = "<group>"; };
		2AD39E1B3611B5D04E228868 /* TimeClockViewModel.swift */ = {isa = PBXFileReference; lastKnownFileType = sourcecode.swift; path = TimeClockViewModel.swift; sourceTree = "<group>"; };
		2E7C92CC6796BADE174216F5 /* APIClient.swift */ = {isa = PBXFileReference; lastKnownFileType = sourcecode.swift; path = APIClient.swift; sourceTree = "<group>"; };
		3E6B8B9FAA059A2B8E0D18BB /* TimeClockView.swift */ = {isa = PBXFileReference; lastKnownFileType = sourcecode.swift; path = TimeClockView.swift; sourceTree = "<group>"; };
		44859802708EFA50B0DE7353 /* RootView.swift */ = {isa = PBXFileReference; lastKnownFileType = sourcecode.swift; path = RootView.swift; sourceTree = "<group>"; };
		46E2EA872345FA9825A6DF2E /* Visit.swift */ = {isa = PBXFileReference; lastKnownFileType = sourcecode.swift; path = Visit.swift; sourceTree = "<group>"; };
		47AF8B2A204E50B9D3125AC4 /* LocationManager.swift */ = {isa = PBXFileReference; lastKnownFileType = sourcecode.swift; path = LocationManager.swift; sourceTree = "<group>"; };
		68D4D6F730154942832B001A /* WeekStripView.swift */ = {isa = PBXFileReference; lastKnownFileType = sourcecode.swift; path = WeekStripView.swift; sourceTree = "<group>"; };
		68F3A974B3D602E24E8A79E8 /* APIEndpoints.swift */ = {isa = PBXFileReference; lastKnownFileType = sourcecode.swift; path = APIEndpoints.swift; sourceTree = "<group>"; };
		6974DEA9D3487E5FED73FB01 /* ScheduleView.swift */ = {isa = PBXFileReference; lastKnownFileType = sourcecode.swift; path = ScheduleView.swift; sourceTree = "<group>"; };
		6ADD8A18FF486977AA4DB924 /* MainTabView.swift */ = {isa = PBXFileReference; lastKnownFileType = sourcecode.swift; path = MainTabView.swift; sourceTree = "<group>"; };
		6BC0B66BE87B94B74DD29C05 /* LoginView.swift */ = {isa = PBXFileReference; lastKnownFileType = sourcecode.swift; path = LoginView.swift; sourceTree = "<group>"; };
		6E5F8DDDD742A43A1EAAE7A2 /* ArrivalMonitor.swift */ = {isa = PBXFileReference; lastKnownFileType = sourcecode.swift; path = ArrivalMonitor.swift; sourceTree = "<group>"; };
		73D67877BC393CECB2E02474 /* KeychainStore.swift */ = {isa = PBXFileReference; lastKnownFileType = sourcecode.swift; path = KeychainStore.swift; sourceTree = "<group>"; };
		816872EBC5C2A53815D7E212 /* ScheduleDay.swift */ = {isa = PBXFileReference; lastKnownFileType = sourcecode.swift; path = ScheduleDay.swift; sourceTree = "<group>"; };
		82CAF080C57ADDAE06034F25 /* LoginViewModel.swift */ = {isa = PBXFileReference; lastKnownFileType = sourcecode.swift; path = LoginViewModel.swift; sourceTree = "<group>"; };
		84917CCF5BF871EC2B745DC4 /* Stop.swift */ = {isa = PBXFileReference; lastKnownFileType = sourcecode.swift; path = Stop.swift; sourceTree = "<group>"; };
		92AA5A01A2F642A2561CFFD9 /* AppUpdateView.swift */ = {isa = PBXFileReference; lastKnownFileType = sourcecode.swift; path = AppUpdateView.swift; sourceTree = "<group>"; };
		9DD091BEACD0F5E731BE8B0E /* Info.plist */ = {isa = PBXFileReference; lastKnownFileType = text.plist; path = Info.plist; sourceTree = "<group>"; };
		A3914DFABD5F183B4DC1E39D /* VersionCheckService.swift */ = {isa = PBXFileReference; lastKnownFileType = sourcecode.swift; path = VersionCheckService.swift; sourceTree = "<group>"; };
		A66186FA7B72C0E2DE4F3208 /* PendingTransition.swift */ = {isa = PBXFileReference; lastKnownFileType = sourcecode.swift; path = PendingTransition.swift; sourceTree = "<group>"; };
		A756819D930BDD10EFFEC4FA /* MowologyCRMApp.swift */ = {isa = PBXFileReference; lastKnownFileType = sourcecode.swift; path = MowologyCRMApp.swift; sourceTree = "<group>"; };
		AC8522EE94548B7FD4F1982E /* MowologyCRM.app */ = {isa = PBXFileReference; explicitFileType = wrapper.application; includeInIndex = 0; path = MowologyCRM.app; sourceTree = BUILT_PRODUCTS_DIR; };
		AC8674D3A1F9F01248ECB134 /* VisitDetailView.swift */ = {isa = PBXFileReference; lastKnownFileType = sourcecode.swift; path = VisitDetailView.swift; sourceTree = "<group>"; };
		AD88E66FE7C3D2F54EEB6953 /* TimeClockModels.swift */ = {isa = PBXFileReference; lastKnownFileType = sourcecode.swift; path = TimeClockModels.swift; sourceTree = "<group>"; };
		C0E0EE6C511F5B6548BA7FB0 /* DayListView.swift */ = {isa = PBXFileReference; lastKnownFileType = sourcecode.swift; path = DayListView.swift; sourceTree = "<group>"; };
		C8040C6DF2C66988040204FE /* Assets.xcassets */ = {isa = PBXFileReference; lastKnownFileType = folder.assetcatalog; path = Assets.xcassets; sourceTree = "<group>"; };
		C9C49661C41333A49EE1D301 /* User.swift */ = {isa = PBXFileReference; lastKnownFileType = sourcecode.swift; path = User.swift; sourceTree = "<group>"; };
		CE716DE714937E2614370F75 /* PingQueue.swift */ = {isa = PBXFileReference; lastKnownFileType = sourcecode.swift; path = PingQueue.swift; sourceTree = "<group>"; };
		DEA3E082EB582E2D8825C262 /* ScheduleViewModel.swift */ = {isa = PBXFileReference; lastKnownFileType = sourcecode.swift; path = ScheduleViewModel.swift; sourceTree = "<group>"; };
		DFEFBC83ADF17258DCA610C2 /* RouteStore.swift */ = {isa = PBXFileReference; lastKnownFileType = sourcecode.swift; path = RouteStore.swift; sourceTree = "<group>"; };
		C547C4C433774E19B449B943 /* GPSTrackingService.swift */ = {isa = PBXFileReference; lastKnownFileType = sourcecode.swift; path = GPSTrackingService.swift; sourceTree = "<group>"; };
		E2318C0D8CC141570D7D494B /* APIError.swift */ = {isa = PBXFileReference; lastKnownFileType = sourcecode.swift; path = APIError.swift; sourceTree = "<group>"; };
		F33171690DA9721C3D67B8E9 /* TransitionQueue.swift */ = {isa = PBXFileReference; lastKnownFileType = sourcecode.swift; path = TransitionQueue.swift; sourceTree = "<group>"; };
		F73A09E1281950C78A2D0821 /* StopCardView.swift */ = {isa = PBXFileReference; lastKnownFileType = sourcecode.swift; path = StopCardView.swift; sourceTree = "<group>"; };
		A3F2C8D14E5B6A7890123456 /* MWTheme.swift */ = {isa = PBXFileReference; lastKnownFileType = sourcecode.swift; path = MWTheme.swift; sourceTree = "<group>"; };
		A16DCCA87E60FAD86C6FAE71 /* DayMapView.swift */ = {isa = PBXFileReference; lastKnownFileType = sourcecode.swift; path = DayMapView.swift; sourceTree = "<group>"; };
		15B038E603948161013BAE5A /* ReceiptIntakeResponse.swift */ = {isa = PBXFileReference; lastKnownFileType = sourcecode.swift; path = ReceiptIntakeResponse.swift; sourceTree = "<group>"; };
		D2304800F25344F166EF4441 /* Expense.swift */ = {isa = PBXFileReference; lastKnownFileType = sourcecode.swift; path = Expense.swift; sourceTree = "<group>"; };
		20334B98F42E1FA61C896430 /* ReceiptQueue.swift */ = {isa = PBXFileReference; lastKnownFileType = sourcecode.swift; path = ReceiptQueue.swift; sourceTree = "<group>"; };
		B66D635A5EA948A73D504CD1 /* ReceiptsViewModel.swift */ = {isa = PBXFileReference; lastKnownFileType = sourcecode.swift; path = ReceiptsViewModel.swift; sourceTree = "<group>"; };
		41A00EA0662C14163182538D /* ReceiptsView.swift */ = {isa = PBXFileReference; lastKnownFileType = sourcecode.swift; path = ReceiptsView.swift; sourceTree = "<group>"; };
		C0ED400491FC08BF80DB7ED9 /* ReceiptCaptureView.swift */ = {isa = PBXFileReference; lastKnownFileType = sourcecode.swift; path = ReceiptCaptureView.swift; sourceTree = "<group>"; };
		020A7702F7F98D53EF42EBAC /* ReceiptReviewView.swift */ = {isa = PBXFileReference; lastKnownFileType = sourcecode.swift; path = ReceiptReviewView.swift; sourceTree = "<group>"; };
		BDD36DA83B03006206BEC033 /* ActivityMonitor.swift */ = {isa = PBXFileReference; lastKnownFileType = sourcecode.swift; path = ActivityMonitor.swift; sourceTree = "<group>"; };
		B448B82DBF4BE3E971A5357D /* JobPhotoSection.swift */ = {isa = PBXFileReference; lastKnownFileType = sourcecode.swift; path = JobPhotoSection.swift; sourceTree = "<group>"; };
		B19463DBBCA2314B237BE00C /* VisitWorkView.swift */ = {isa = PBXFileReference; lastKnownFileType = sourcecode.swift; path = VisitWorkView.swift; sourceTree = "<group>"; };
		3FDD84813573A6DC8A7E4DB7 /* VisitWorkViewModel.swift */ = {isa = PBXFileReference; lastKnownFileType = sourcecode.swift; path = VisitWorkViewModel.swift; sourceTree = "<group>"; };
		EAFA16A03CBB34877128A74E /* CrewTrail.swift */ = {isa = PBXFileReference; lastKnownFileType = sourcecode.swift; path = CrewTrail.swift; sourceTree = "<group>"; };
		AA1234567890ABCDEF123401 /* QuizModels.swift */ = {isa = PBXFileReference; lastKnownFileType = sourcecode.swift; path = QuizModels.swift; sourceTree = "<group>"; };
		AA1234567890ABCDEF123402 /* QuizView.swift */ = {isa = PBXFileReference; lastKnownFileType = sourcecode.swift; path = QuizView.swift; sourceTree = "<group>"; };
		AA1234567890ABCDEF123403 /* QuizViewModel.swift */ = {isa = PBXFileReference; lastKnownFileType = sourcecode.swift; path = QuizViewModel.swift; sourceTree = "<group>"; };
		C38B412AFB12D52D9679198C /* ClockQueue.swift */ = {isa = PBXFileReference; lastKnownFileType = sourcecode.swift; path = ClockQueue.swift; sourceTree = "<group>"; };
		020780B1CE91FCD6C5F342B3 /* JobPhotoQueue.swift */ = {isa = PBXFileReference; lastKnownFileType = sourcecode.swift; path = JobPhotoQueue.swift; sourceTree = "<group>"; };
		AD1CBB45AF36E4DCB8B81C51 /* ScheduleCache.swift */ = {isa = PBXFileReference; lastKnownFileType = sourcecode.swift; path = ScheduleCache.swift; sourceTree = "<group>"; };
		23FD0CE4AE1671A750AF3E16 /* JobsQuotesInvoicesModels.swift */ = {isa = PBXFileReference; lastKnownFileType = sourcecode.swift; path = JobsQuotesInvoicesModels.swift; sourceTree = "<group>"; };
		DCEB9B209AB3B7603BD9A6F4 /* JobActivityAttributes.swift */ = {isa = PBXFileReference; lastKnownFileType = sourcecode.swift; path = JobActivityAttributes.swift; sourceTree = "<group>"; };
		E71C95C13C83CCEA91B6BF20 /* VisionOCRService.swift */ = {isa = PBXFileReference; lastKnownFileType = sourcecode.swift; path = VisionOCRService.swift; sourceTree = "<group>"; };
		683A1D4B1D875C8D39EF7072 /* EmptyStateView.swift */ = {isa = PBXFileReference; lastKnownFileType = sourcecode.swift; path = EmptyStateView.swift; sourceTree = "<group>"; };
		AE719142A34D63B44BFD3074 /* ErrorBannerView.swift */ = {isa = PBXFileReference; lastKnownFileType = sourcecode.swift; path = ErrorBannerView.swift; sourceTree = "<group>"; };
		7D6FBBBC8A8782A7FE767C2B /* CalendarSyncService.swift */ = {isa = PBXFileReference; lastKnownFileType = sourcecode.swift; path = CalendarSyncService.swift; sourceTree = "<group>"; };
		70B6262F1652C439EF4C0F33 /* DeviceTokenService.swift */ = {isa = PBXFileReference; lastKnownFileType = sourcecode.swift; path = DeviceTokenService.swift; sourceTree = "<group>"; };
		07DD66EE0A35405814DD3D82 /* DevErrorBus.swift */ = {isa = PBXFileReference; lastKnownFileType = sourcecode.swift; path = DevErrorBus.swift; sourceTree = "<group>"; };
		783EC7CAE7D0D0D827FDEDBF /* AppDelegate.swift */ = {isa = PBXFileReference; lastKnownFileType = sourcecode.swift; path = AppDelegate.swift; sourceTree = "<group>"; };
		6B48592BAC401D1AED784578 /* DayRouteView.swift */ = {isa = PBXFileReference; lastKnownFileType = sourcecode.swift; path = DayRouteView.swift; sourceTree = "<group>"; };
		388179445D016F234C7B6272 /* MessagesViewModel.swift */ = {isa = PBXFileReference; lastKnownFileType = sourcecode.swift; path = MessagesViewModel.swift; sourceTree = "<group>"; };
		51E5B208F2E93850099B834E /* MessagesView.swift */ = {isa = PBXFileReference; lastKnownFileType = sourcecode.swift; path = MessagesView.swift; sourceTree = "<group>"; };
		A522741C6A6EFBB80556D2BF /* MessageModels.swift */ = {isa = PBXFileReference; lastKnownFileType = sourcecode.swift; path = MessageModels.swift; sourceTree = "<group>"; };
		EBFD5988D30BEC5153325102 /* InvoicesViewModel.swift */ = {isa = PBXFileReference; lastKnownFileType = sourcecode.swift; path = InvoicesViewModel.swift; sourceTree = "<group>"; };
		BF8B37CB99942ABF04099B57 /* InvoicesView.swift */ = {isa = PBXFileReference; lastKnownFileType = sourcecode.swift; path = InvoicesView.swift; sourceTree = "<group>"; };
		B96F99B54C71459F19F8F5EF /* InvoiceModels.swift */ = {isa = PBXFileReference; lastKnownFileType = sourcecode.swift; path = InvoiceModels.swift; sourceTree = "<group>"; };
		EFD7C52DF5206570D10D59F2 /* InvoiceComposeView.swift */ = {isa = PBXFileReference; lastKnownFileType = sourcecode.swift; path = InvoiceComposeView.swift; sourceTree = "<group>"; };
		9B2D4A49ADFFE9C4ADA14C8E /* InvoiceComposeViewModel.swift */ = {isa = PBXFileReference; lastKnownFileType = sourcecode.swift; path = InvoiceComposeViewModel.swift; sourceTree = "<group>"; };
		25C65D44A564B9D1F3913F66 /* QuotesViewModel.swift */ = {isa = PBXFileReference; lastKnownFileType = sourcecode.swift; path = QuotesViewModel.swift; sourceTree = "<group>"; };
		0DD35F027AA028DAB116C92A /* QuotesView.swift */ = {isa = PBXFileReference; lastKnownFileType = sourcecode.swift; path = QuotesView.swift; sourceTree = "<group>"; };
		1D6CD36CB0B8E5B1EF8A3657 /* CrewMapView.swift */ = {isa = PBXFileReference; lastKnownFileType = sourcecode.swift; path = CrewMapView.swift; sourceTree = "<group>"; };
		708AB5C218BE0AFA63858EBF /* CrewMapViewModel.swift */ = {isa = PBXFileReference; lastKnownFileType = sourcecode.swift; path = CrewMapViewModel.swift; sourceTree = "<group>"; };
		BACA18A794492A461356FC78 /* CrewMapModels.swift */ = {isa = PBXFileReference; lastKnownFileType = sourcecode.swift; path = CrewMapModels.swift; sourceTree = "<group>"; };
		13B3CE91EE4D13720EB94808 /* LeaderboardViewModel.swift */ = {isa = PBXFileReference; lastKnownFileType = sourcecode.swift; path = LeaderboardViewModel.swift; sourceTree = "<group>"; };
		D9FEE3C2C7357DDD58576E5F /* LeaderboardView.swift */ = {isa = PBXFileReference; lastKnownFileType = sourcecode.swift; path = LeaderboardView.swift; sourceTree = "<group>"; };
		5F703E06363D9C6BE97699F0 /* LeaderboardModels.swift */ = {isa = PBXFileReference; lastKnownFileType = sourcecode.swift; path = LeaderboardModels.swift; sourceTree = "<group>"; };
		85758A4EC9AD151D51C79AC5 /* JobsListViewModel.swift */ = {isa = PBXFileReference; lastKnownFileType = sourcecode.swift; path = JobsListViewModel.swift; sourceTree = "<group>"; };
		C55F15FFA1FF6284895E3895 /* JobsListView.swift */ = {isa = PBXFileReference; lastKnownFileType = sourcecode.swift; path = JobsListView.swift; sourceTree = "<group>"; };
		E14E7E9BFCD3A7EC8E4BE4AB /* ReportsView.swift */ = {isa = PBXFileReference; lastKnownFileType = sourcecode.swift; path = ReportsView.swift; sourceTree = "<group>"; };
		BE1FDC55765844BAF489EBCF /* ReportModels.swift */ = {isa = PBXFileReference; lastKnownFileType = sourcecode.swift; path = ReportModels.swift; sourceTree = "<group>"; };
		32F7049E1633310D7975230D /* ReportChartView.swift */ = {isa = PBXFileReference; lastKnownFileType = sourcecode.swift; path = ReportChartView.swift; sourceTree = "<group>"; };
		A5A0DE48EB02D5C9747FE99C /* ReportsViewModel.swift */ = {isa = PBXFileReference; lastKnownFileType = sourcecode.swift; path = ReportsViewModel.swift; sourceTree = "<group>"; };
		90C667FF46EC2B266DE11963 /* ClockInIntent.swift */ = {isa = PBXFileReference; lastKnownFileType = sourcecode.swift; path = ClockInIntent.swift; sourceTree = "<group>"; };
		6B5EFFFBCFAAD856E43264A9 /* ShowScheduleIntent.swift */ = {isa = PBXFileReference; lastKnownFileType = sourcecode.swift; path = ShowScheduleIntent.swift; sourceTree = "<group>"; };
		CE94A123C42B905BE6904B4F /* ClockOutIntent.swift */ = {isa = PBXFileReference; lastKnownFileType = sourcecode.swift; path = ClockOutIntent.swift; sourceTree = "<group>"; };
/* End PBXFileReference section */

/* Begin PBXGroup section */
		146DA49BE70A00338AC2B82B /* Offline */ = {
			isa = PBXGroup;
			children = (
				A66186FA7B72C0E2DE4F3208 /* PendingTransition.swift */,
				CE716DE714937E2614370F75 /* PingQueue.swift */,
				F33171690DA9721C3D67B8E9 /* TransitionQueue.swift */,
				20334B98F42E1FA61C896430 /* ReceiptQueue.swift */,
				C38B412AFB12D52D9679198C /* ClockQueue.swift */,
				020780B1CE91FCD6C5F342B3 /* JobPhotoQueue.swift */,
				AD1CBB45AF36E4DCB8B81C51 /* ScheduleCache.swift */,
			);
			path = Offline;
			sourceTree = "<group>";
		};
		1885D2A87980EFA37DB91388 = {
			isa = PBXGroup;
			children = (
				51F215642B22B1FCC54B663F /* MowologyCRM */,
				636F64D13F9CF99C7CCAD7EA /* Products */,
);
			sourceTree = "<group>";
		};
		3CAC498CFC84EC47A1CECC6B /* Network */ = {
			isa = PBXGroup;
			children = (
				2E7C92CC6796BADE174216F5 /* APIClient.swift */,
				68F3A974B3D602E24E8A79E8 /* APIEndpoints.swift */,
				E2318C0D8CC141570D7D494B /* APIError.swift */,
				A3914DFABD5F183B4DC1E39D /* VersionCheckService.swift */,
			);
			path = Network;
			sourceTree = "<group>";
		};
		51F215642B22B1FCC54B663F /* MowologyCRM */ = {
			isa = PBXGroup;
			children = (
				54688D29E559F2DD07C235D7 /* App */,
				69C62806CCCCD991CDBCA787 /* Core */,
				D0CF88BD79C1A5858F773D21 /* Features */,
				FB0806EF10DF19FBF92400BE /* Resources */,
			);
			path = MowologyCRM;
			sourceTree = "<group>";
		};
		54688D29E559F2DD07C235D7 /* App */ = {
			isa = PBXGroup;
			children = (
				92AA5A01A2F642A2561CFFD9 /* AppUpdateView.swift */,
				6ADD8A18FF486977AA4DB924 /* MainTabView.swift */,
				A756819D930BDD10EFFEC4FA /* MowologyCRMApp.swift */,
				44859802708EFA50B0DE7353 /* RootView.swift */,
			);
			path = App;
			sourceTree = "<group>";
		};
		60FDE181ECEDC4A86003201A /* Location */ = {
			isa = PBXGroup;
			children = (
				6E5F8DDDD742A43A1EAAE7A2 /* ArrivalMonitor.swift */,
				47AF8B2A204E50B9D3125AC4 /* LocationManager.swift */,
				DFEFBC83ADF17258DCA610C2 /* RouteStore.swift */,
				C547C4C433774E19B449B943 /* GPSTrackingService.swift */,
				BDD36DA83B03006206BEC033 /* ActivityMonitor.swift */,
							783EC7CAE7D0D0D827FDEDBF /* AppDelegate.swift */,
);
			path = Location;
			sourceTree = "<group>";
		};
		636F64D13F9CF99C7CCAD7EA /* Products */ = {
			isa = PBXGroup;
			children = (
				AC8522EE94548B7FD4F1982E /* MowologyCRM.app */,
			);
			name = Products;
			sourceTree = "<group>";
		};
		69C62806CCCCD991CDBCA787 /* Core */ = {
			isa = PBXGroup;
			children = (
				6F2222B3A02473B1F4FB7FA3 /* Auth */,
				60FDE181ECEDC4A86003201A /* Location */,
				FA9C633C7B7B0D0E5CBAEA59 /* Models */,
				3CAC498CFC84EC47A1CECC6B /* Network */,
				146DA49BE70A00338AC2B82B /* Offline */,
							C6D4E0B37F8C9A0B12345678 /* Design */,
);
			path = Core;
			sourceTree = "<group>";
		};
		6F2222B3A02473B1F4FB7FA3 /* Auth */ = {
			isa = PBXGroup;
			children = (
				11B9496B9E804E3CD0342C49 /* AuthSession.swift */,
				73D67877BC393CECB2E02474 /* KeychainStore.swift */,
							7417F7995314D742B5714E80 /* Vision */,
				1869C4FC3D9404A1E722FAA1 /* Components */,
				1E39133965AFA6B29F5894C9 /* Services */,
				C976A5929DB90F8840BADC85 /* Debug */,
);
			path = Auth;
			sourceTree = "<group>";
		};
		72C8560F970C9C517EFD669D /* TimeClock */ = {
			isa = PBXGroup;
			children = (
				3E6B8B9FAA059A2B8E0D18BB /* TimeClockView.swift */,
				2AD39E1B3611B5D04E228868 /* TimeClockViewModel.swift */,
			);
			path = TimeClock;
			sourceTree = "<group>";
		};
		CC1234567890ABCDEF123401 /* Quiz */ = {
			isa = PBXGroup;
			children = (
				AA1234567890ABCDEF123401 /* QuizModels.swift */,
				AA1234567890ABCDEF123402 /* QuizView.swift */,
				AA1234567890ABCDEF123403 /* QuizViewModel.swift */,
			);
			path = Quiz;
			sourceTree = "<group>";
		};
		77C42B8E19B50F970FF6A5FB /* Schedule */ = {
			isa = PBXGroup;
			children = (
				C0E0EE6C511F5B6548BA7FB0 /* DayListView.swift */,
				6974DEA9D3487E5FED73FB01 /* ScheduleView.swift */,
				DEA3E082EB582E2D8825C262 /* ScheduleViewModel.swift */,
				F73A09E1281950C78A2D0821 /* StopCardView.swift */,
				AC8674D3A1F9F01248ECB134 /* VisitDetailView.swift */,
				1B1F4DFF661307A98228D10E /* VisitDetailViewModel.swift */,
				68D4D6F730154942832B001A /* WeekStripView.swift */,
				A16DCCA87E60FAD86C6FAE71 /* DayMapView.swift */,
				B448B82DBF4BE3E971A5357D /* JobPhotoSection.swift */,
				B19463DBBCA2314B237BE00C /* VisitWorkView.swift */,
				3FDD84813573A6DC8A7E4DB7 /* VisitWorkViewModel.swift */,
			);
			path = Schedule;
			sourceTree = "<group>";
		};
		CE20BCAEE842327D670D075B /* Auth */ = {
			isa = PBXGroup;
			children = (
				6BC0B66BE87B94B74DD29C05 /* LoginView.swift */,
				82CAF080C57ADDAE06034F25 /* LoginViewModel.swift */,
				6B48592BAC401D1AED784578 /* DayRouteView.swift */,
);
			path = Auth;
			sourceTree = "<group>";
		};
		D0CF88BD79C1A5858F773D21 /* Features */ = {
			isa = PBXGroup;
			children = (
				CE20BCAEE842327D670D075B /* Auth */,
				CC1234567890ABCDEF123401 /* Quiz */,
				77C42B8E19B50F970FF6A5FB /* Schedule */,
				72C8560F970C9C517EFD669D /* TimeClock */,
				A8B19292E74114A1A37EDE2C /* Receipts */,
			);
			path = Features;
			sourceTree = "<group>";
		};
		FA9C633C7B7B0D0E5CBAEA59 /* Models */ = {
			isa = PBXGroup;
			children = (
				EAFA16A03CBB34877128A74E /* CrewTrail.swift */,
				816872EBC5C2A53815D7E212 /* ScheduleDay.swift */,
				84917CCF5BF871EC2B745DC4 /* Stop.swift */,
				AD88E66FE7C3D2F54EEB6953 /* TimeClockModels.swift */,
				C9C49661C41333A49EE1D301 /* User.swift */,
				46E2EA872345FA9825A6DF2E /* Visit.swift */,
				15B038E603948161013BAE5A /* ReceiptIntakeResponse.swift */,
				D2304800F25344F166EF4441 /* Expense.swift */,
							F9E1F780E49E5C3CCB9452C4 /* Messages */,
				7F692E6C4E65C861CE6C5EE5 /* Invoices */,
				DE99F33555503D7143361A10 /* Quotes */,
				744AC6BD73746ADDE489E741 /* CrewMap */,
				BA6AFABB3A0CA57C803870C2 /* Leaderboard */,
				C3DDCAD9A79CFAAD968C288A /* Jobs */,
				B0EB05AB43577A0E6AB7A5EC /* Reports */,
);
			path = Models;
			sourceTree = "<group>";
		};
		FB0806EF10DF19FBF92400BE /* Resources */ = {
			isa = PBXGroup;
			children = (
				C8040C6DF2C66988040204FE /* Assets.xcassets */,
				9DD091BEACD0F5E731BE8B0E /* Info.plist */,
							23FD0CE4AE1671A750AF3E16 /* JobsQuotesInvoicesModels.swift */,
				DCEB9B209AB3B7603BD9A6F4 /* JobActivityAttributes.swift */,
);
			path = Resources;
			sourceTree = "<group>";
		};
		C6D4E0B37F8C9A0B12345678 /* Design */ = {
			isa = PBXGroup;
			children = (
				A3F2C8D14E5B6A7890123456 /* MWTheme.swift */,
			);
			path = Design;
			sourceTree = "<group>";
		};
		A8B19292E74114A1A37EDE2C /* Receipts */ = {
			isa = PBXGroup;
			children = (
				B66D635A5EA948A73D504CD1 /* ReceiptsViewModel.swift */,
				41A00EA0662C14163182538D /* ReceiptsView.swift */,
				C0ED400491FC08BF80DB7ED9 /* ReceiptCaptureView.swift */,
				020A7702F7F98D53EF42EBAC /* ReceiptReviewView.swift */,
			);
			path = Receipts;
			sourceTree = "<group>";
		};
		7417F7995314D742B5714E80 /* Vision */ = {
			isa = PBXGroup;
			children = (
				E71C95C13C83CCEA91B6BF20 /* VisionOCRService.swift */,
			);
			path = Vision;
			sourceTree = "<group>";
		};
		1869C4FC3D9404A1E722FAA1 /* Components */ = {
			isa = PBXGroup;
			children = (
				683A1D4B1D875C8D39EF7072 /* EmptyStateView.swift */,
			);
			path = Components;
			sourceTree = "<group>";
		};
		1E39133965AFA6B29F5894C9 /* Services */ = {
			isa = PBXGroup;
			children = (
				7D6FBBBC8A8782A7FE767C2B /* CalendarSyncService.swift */,
			);
			path = Services;
			sourceTree = "<group>";
		};
		C976A5929DB90F8840BADC85 /* Debug */ = {
			isa = PBXGroup;
			children = (
				07DD66EE0A35405814DD3D82 /* DevErrorBus.swift */,
			);
			path = Debug;
			sourceTree = "<group>";
		};
		F9E1F780E49E5C3CCB9452C4 /* Messages */ = {
			isa = PBXGroup;
			children = (
				388179445D016F234C7B6272 /* MessagesViewModel.swift */,
			);
			path = Messages;
			sourceTree = "<group>";
		};
		7F692E6C4E65C861CE6C5EE5 /* Invoices */ = {
			isa = PBXGroup;
			children = (
				EBFD5988D30BEC5153325102 /* InvoicesViewModel.swift */,
			);
			path = Invoices;
			sourceTree = "<group>";
		};
		DE99F33555503D7143361A10 /* Quotes */ = {
			isa = PBXGroup;
			children = (
				25C65D44A564B9D1F3913F66 /* QuotesViewModel.swift */,
			);
			path = Quotes;
			sourceTree = "<group>";
		};
		744AC6BD73746ADDE489E741 /* CrewMap */ = {
			isa = PBXGroup;
			children = (
				1D6CD36CB0B8E5B1EF8A3657 /* CrewMapView.swift */,
			);
			path = CrewMap;
			sourceTree = "<group>";
		};
		BA6AFABB3A0CA57C803870C2 /* Leaderboard */ = {
			isa = PBXGroup;
			children = (
				13B3CE91EE4D13720EB94808 /* LeaderboardViewModel.swift */,
			);
			path = Leaderboard;
			sourceTree = "<group>";
		};
		C3DDCAD9A79CFAAD968C288A /* Jobs */ = {
			isa = PBXGroup;
			children = (
				85758A4EC9AD151D51C79AC5 /* JobsListViewModel.swift */,
			);
			path = Jobs;
			sourceTree = "<group>";
		};
		B0EB05AB43577A0E6AB7A5EC /* Reports */ = {
			isa = PBXGroup;
			children = (
				E14E7E9BFCD3A7EC8E4BE4AB /* ReportsView.swift */,
			);
			path = Reports;
			sourceTree = "<group>";
		};
		E97A75DD2B91C61BF4FF5A12 /* AppIntents */ = {
			isa = PBXGroup;
			children = (
				90C667FF46EC2B266DE11963 /* ClockInIntent.swift */,
			);
			path = AppIntents;
			sourceTree = "<group>";
		};
/* End PBXGroup section */

/* Begin PBXNativeTarget section */
		B894F8507D292A0047B6D7C1 /* MowologyCRM */ = {
			isa = PBXNativeTarget;
			buildConfigurationList = 05682076AD4FBB9FAC85319E /* Build configuration list for PBXNativeTarget "MowologyCRM" */;
			buildPhases = (
				ECA6CAB465C1A98FD53545D2 /* Sources */,
				54576281ECFBCBA30CDC435B /* Resources */,
			);
			buildRules = (
			);
			dependencies = (
			);
			name = MowologyCRM;
			productName = MowologyCRM;
			productReference = AC8522EE94548B7FD4F1982E /* MowologyCRM.app */;
			productType = "com.apple.product-type.application";
		};
/* End PBXNativeTarget section */

/* Begin PBXProject section */
		A5901657DFF6ED7CF58BBE11 /* Project object */ = {
			isa = PBXProject;
			attributes = {
				BuildIndependentTargetsInParallel = YES;
				LastUpgradeCheck = 1500;
				TargetAttributes = {
					B894F8507D292A0047B6D7C1 = {
						ProvisioningStyle = Automatic;
					};
				};
			};
			buildConfigurationList = B6C0A0462FB26E54836C8364 /* Build configuration list for PBXProject "MowologyCRM" */;
			compatibilityVersion = "Xcode 14.0";
			developmentRegion = en;
			hasScannedForEncodings = 0;
			knownRegions = (
				Base,
				en,
			);
			mainGroup = 1885D2A87980EFA37DB91388;
			projectDirPath = "";
			projectRoot = "";
			targets = (
				B894F8507D292A0047B6D7C1 /* MowologyCRM */,
			);
		};
/* End PBXProject section */

/* Begin PBXResourcesBuildPhase section */
		54576281ECFBCBA30CDC435B /* Resources */ = {
			isa = PBXResourcesBuildPhase;
			buildActionMask = 2147483647;
			files = (
				EEBE85EF323D09C7CB7AB4E7 /* Assets.xcassets in Resources */,
			);
			runOnlyForDeploymentPostprocessing = 0;
		};
/* End PBXResourcesBuildPhase section */

/* Begin PBXSourcesBuildPhase section */
		ECA6CAB465C1A98FD53545D2 /* Sources */ = {
			isa = PBXSourcesBuildPhase;
			buildActionMask = 2147483647;
			files = (
				8DA04E42442B3D09E704A1CA /* APIClient.swift in Sources */,
				559940D1EF1EF0CFE5B02CCF /* APIEndpoints.swift in Sources */,
				42FE3CC920D2D08E173E259C /* APIError.swift in Sources */,
				F15F7146DF34D7E2CBD8CF76 /* AppUpdateView.swift in Sources */,
				51EE3493C4054F68A55A3791 /* ArrivalMonitor.swift in Sources */,
				2FBD157C6E8D45ACE46C8079 /* AuthSession.swift in Sources */,
				1D762428510570A1A0D08B4C /* DayListView.swift in Sources */,
				B161D21DEEAF8DED7311CA9C /* DayMapView.swift in Sources */,
				040D77CC7FC7DDF02E82AD32 /* KeychainStore.swift in Sources */,
				ABDBDE4BD9E38E90A1C48150 /* LocationManager.swift in Sources */,
				97A54DA2AA9F9A04CA89CD15 /* LoginView.swift in Sources */,
				CA4E4AC42424C3DDC72267B8 /* LoginViewModel.swift in Sources */,
				D19153AE246923974F17958E /* MainTabView.swift in Sources */,
				50553DCBC50019B902081947 /* MowologyCRMApp.swift in Sources */,
				351D8A7C9D72F008F0DD24CC /* PendingTransition.swift in Sources */,
				AC262C96AEC72A40D96A78DD /* PingQueue.swift in Sources */,
				14EB12BAF8F5CB77D7A4DF95 /* RootView.swift in Sources */,
				FBBA8A2663D90AF691D24800 /* RouteStore.swift in Sources */,
				6BD49E1E63D34A44ACF095A6 /* GPSTrackingService.swift in Sources */,
				B4E3D9C25F6A7B8901234567 /* MWTheme.swift in Sources */,
				16136063FF479A7B6236094C /* ScheduleDay.swift in Sources */,
				91FBDAEEE518FB75A1B8618F /* ScheduleView.swift in Sources */,
				BC6EBC60EA41994E7ACED719 /* ScheduleViewModel.swift in Sources */,
				98CACC8E6F7BCCE057B7ECE3 /* Stop.swift in Sources */,
				06A537ABBFB8D5873812BDD2 /* StopCardView.swift in Sources */,
				FEC47F5526ACC47E8A074ADF /* TimeClockModels.swift in Sources */,
				94B59F73A0682ED1CD8AC10B /* TimeClockView.swift in Sources */,
				B659D3009851109F21A1D830 /* TimeClockViewModel.swift in Sources */,
				9BF8231179B2D42C3B2FB208 /* TransitionQueue.swift in Sources */,
				F6DE13FCED1F010D001CEC2D /* User.swift in Sources */,
				6881EC1D48D828499C14141B /* VersionCheckService.swift in Sources */,
				E9B866846859D619AEF25219 /* Visit.swift in Sources */,
				1A500E3E80626FB6683AA6F1 /* VisitDetailView.swift in Sources */,
				53692A746795599535BF90C5 /* VisitDetailViewModel.swift in Sources */,
				4D2F723DF88B7B1C76F9826A /* WeekStripView.swift in Sources */,
				49645AA7886A3ED4FD566566 /* Expense.swift in Sources */,
				F036B900A7BBD78F6D09B729 /* ReceiptCaptureView.swift in Sources */,
				93E391A3F948150485F22F58 /* ReceiptIntakeResponse.swift in Sources */,
				4681461D8C647D016A721BAD /* ReceiptQueue.swift in Sources */,
				52B9F6F7B03C21A7B3B2D326 /* ReceiptReviewView.swift in Sources */,
				4E54D67307C034ED0D6F0505 /* ReceiptsView.swift in Sources */,
				59F63DF93D0D83CCF97DC0EE /* ReceiptsViewModel.swift in Sources */,
				7E370E37A35300E0427971F9 /* ActivityMonitor.swift in Sources */,
				5D133D3B226E9B76CE60E3E6 /* JobPhotoSection.swift in Sources */,
				830366ECB2EB0FD75F3B29CB /* VisitWorkView.swift in Sources */,
				86E989C600C80A671765708E /* VisitWorkViewModel.swift in Sources */,
				28DDF3EB718E233882AA85C8 /* CrewTrail.swift in Sources */,
				BB1234567890ABCDEF123401 /* QuizModels.swift in Sources */,
				BB1234567890ABCDEF123402 /* QuizView.swift in Sources */,
				BB1234567890ABCDEF123403 /* QuizViewModel.swift in Sources */,
				6CB330DA9E770330F8DBB500 /* ClockQueue.swift in Sources */,
				FEE6F4240C835E02425E19BD /* JobPhotoQueue.swift in Sources */,
				9123154214A57C98D697E9A0 /* ScheduleCache.swift in Sources */,
			);
			runOnlyForDeploymentPostprocessing = 0;
		};
/* End PBXSourcesBuildPhase section */

/* Begin XCBuildConfiguration section */
		676019409CEFA2C8658F7108 /* Release */ = {
			isa = XCBuildConfiguration;
			buildSettings = {
				ASSETCATALOG_COMPILER_APPICON_NAME = AppIcon;
				CODE_SIGN_IDENTITY = "Apple Development";
				CODE_SIGN_STYLE = Automatic;
				DEVELOPMENT_TEAM = FFJBDJKQ9H;
				INFOPLIST_FILE = MowologyCRM/Resources/Info.plist;
				IPHONEOS_DEPLOYMENT_TARGET = 17.0;
				LD_RUNPATH_SEARCH_PATHS = (
					"$(inherited)",
					"@executable_path/Frameworks",
				);
				SDKROOT = iphoneos;
				TARGETED_DEVICE_FAMILY = 1;
			};
			name = Release;
		};
		BB917324C54A805DFBC39327 /* Release */ = {
			isa = XCBuildConfiguration;
			buildSettings = {
				ALWAYS_SEARCH_USER_PATHS = NO;
				CLANG_ANALYZER_NONNULL = YES;
				CLANG_ANALYZER_NUMBER_OBJECT_CONVERSION = YES_AGGRESSIVE;
				CLANG_CXX_LANGUAGE_STANDARD = "gnu++14";
				CLANG_CXX_LIBRARY = "libc++";
				CLANG_ENABLE_MODULES = YES;
				CLANG_ENABLE_OBJC_ARC = YES;
				CLANG_ENABLE_OBJC_WEAK = YES;
				CLANG_WARN_BLOCK_CAPTURE_AUTORELEASING = YES;
				CLANG_WARN_BOOL_CONVERSION = YES;
				CLANG_WARN_COMMA = YES;
				CLANG_WARN_CONSTANT_CONVERSION = YES;
				CLANG_WARN_DEPRECATED_OBJC_IMPLEMENTATIONS = YES;
				CLANG_WARN_DIRECT_OBJC_ISA_USAGE = YES_ERROR;
				CLANG_WARN_DOCUMENTATION_COMMENTS = YES;
				CLANG_WARN_EMPTY_BODY = YES;
				DEVELOPMENT_TEAM = FFJBDJKQ9H;
				CLANG_WARN_ENUM_CONVERSION = YES;
				CLANG_WARN_INFINITE_RECURSION = YES;
				CLANG_WARN_INT_CONVERSION = YES;
				CLANG_WARN_NON_LITERAL_NULL_CONVERSION = YES;
				CLANG_WARN_OBJC_IMPLICIT_RETAIN_SELF = YES;
				CLANG_WARN_OBJC_LITERAL_CONVERSION = YES;
				CLANG_WARN_OBJC_ROOT_CLASS = YES_ERROR;
				CLANG_WARN_QUOTED_INCLUDE_IN_FRAMEWORK_HEADER = YES;
				CLANG_WARN_RANGE_LOOP_ANALYSIS = YES;
				CLANG_WARN_STRICT_PROTOTYPES = YES;
				CLANG_WARN_SUSPICIOUS_MOVE = YES;
				CLANG_WARN_UNGUARDED_AVAILABILITY = YES_AGGRESSIVE;
				CLANG_WARN_UNREACHABLE_CODE = YES;
				CLANG_WARN__DUPLICATE_METHOD_MATCH = YES;
				COPY_PHASE_STRIP = NO;
				CURRENT_PROJECT_VERSION = 1;
				DEBUG_INFORMATION_FORMAT = "dwarf-with-dsym";
				ENABLE_NS_ASSERTIONS = NO;
				ENABLE_STRICT_OBJC_MSGSEND = YES;
				GCC_C_LANGUAGE_STANDARD = gnu11;
				GCC_NO_COMMON_BLOCKS = YES;
				GCC_WARN_64_TO_32_BIT_CONVERSION = YES;
				GCC_WARN_ABOUT_RETURN_TYPE = YES_ERROR;
				GCC_WARN_UNDECLARED_SELECTOR = YES;
				GCC_WARN_UNINITIALIZED_AUTOS = YES_AGGRESSIVE;
				GCC_WARN_UNUSED_FUNCTION = YES;
				GCC_WARN_UNUSED_VARIABLE = YES;
				IPHONEOS_DEPLOYMENT_TARGET = 17.0;
				MARKETING_VERSION = 1.0.0;
				MTL_ENABLE_DEBUG_INFO = NO;
				MTL_FAST_MATH = YES;
				PRODUCT_BUNDLE_IDENTIFIER = "ca.mowology.crm-field";
				PRODUCT_NAME = "$(TARGET_NAME)";
				SDKROOT = iphoneos;
				SWIFT_COMPILATION_MODE = wholemodule;
				SWIFT_OPTIMIZATION_LEVEL = "-O";
				SWIFT_VERSION = 5.9;
				TARGETED_DEVICE_FAMILY = 1;
			};
			name = Release;
		};
		D81C95CB7D65BF57F2EE9149 /* Debug */ = {
			isa = XCBuildConfiguration;
			buildSettings = {
				ASSETCATALOG_COMPILER_APPICON_NAME = AppIcon;
				CODE_SIGN_IDENTITY = "iPhone Developer";
				CODE_SIGN_STYLE = Automatic;
				DEVELOPMENT_TEAM = FFJBDJKQ9H;
				INFOPLIST_FILE = MowologyCRM/Resources/Info.plist;
				IPHONEOS_DEPLOYMENT_TARGET = 17.0;
				LD_RUNPATH_SEARCH_PATHS = (
					"$(inherited)",
					"@executable_path/Frameworks",
				);
				SDKROOT = iphoneos;
				TARGETED_DEVICE_FAMILY = 1;
			};
			name = Debug;
		};
		E5027AD2451C6F60AD91BE4B /* Debug */ = {
			isa = XCBuildConfiguration;
			buildSettings = {
				ALWAYS_SEARCH_USER_PATHS = NO;
				CLANG_ANALYZER_NONNULL = YES;
				CLANG_ANALYZER_NUMBER_OBJECT_CONVERSION = YES_AGGRESSIVE;
				CLANG_CXX_LANGUAGE_STANDARD = "gnu++14";
				CLANG_CXX_LIBRARY = "libc++";
				CLANG_ENABLE_MODULES = YES;
				CLANG_ENABLE_OBJC_ARC = YES;
				CLANG_ENABLE_OBJC_WEAK = YES;
				CLANG_WARN_BLOCK_CAPTURE_AUTORELEASING = YES;
				CLANG_WARN_BOOL_CONVERSION = YES;
				CLANG_WARN_COMMA = YES;
				CLANG_WARN_CONSTANT_CONVERSION = YES;
				CLANG_WARN_DEPRECATED_OBJC_IMPLEMENTATIONS = YES;
				CLANG_WARN_DIRECT_OBJC_ISA_USAGE = YES_ERROR;
				CLANG_WARN_DOCUMENTATION_COMMENTS = YES;
				CLANG_WARN_EMPTY_BODY = YES;
				CLANG_WARN_ENUM_CONVERSION = YES;
				CLANG_WARN_INFINITE_RECURSION = YES;
				CLANG_WARN_INT_CONVERSION = YES;
				CLANG_WARN_NON_LITERAL_NULL_CONVERSION = YES;
				CLANG_WARN_OBJC_IMPLICIT_RETAIN_SELF = YES;
				CLANG_WARN_OBJC_LITERAL_CONVERSION = YES;
				CLANG_WARN_OBJC_ROOT_CLASS = YES_ERROR;
				CLANG_WARN_QUOTED_INCLUDE_IN_FRAMEWORK_HEADER = YES;
				CLANG_WARN_RANGE_LOOP_ANALYSIS = YES;
				CLANG_WARN_STRICT_PROTOTYPES = YES;
				CLANG_WARN_SUSPICIOUS_MOVE = YES;
				CLANG_WARN_UNGUARDED_AVAILABILITY = YES_AGGRESSIVE;
				CLANG_WARN_UNREACHABLE_CODE = YES;
				CLANG_WARN__DUPLICATE_METHOD_MATCH = YES;
				COPY_PHASE_STRIP = NO;
				CURRENT_PROJECT_VERSION = 1;
				DEBUG_INFORMATION_FORMAT = dwarf;
				DEVELOPMENT_TEAM = "";
				ENABLE_STRICT_OBJC_MSGSEND = YES;
				ENABLE_TESTABILITY = YES;
				GCC_C_LANGUAGE_STANDARD = gnu11;
				GCC_DYNAMIC_NO_PIC = NO;
				GCC_NO_COMMON_BLOCKS = YES;
				GCC_OPTIMIZATION_LEVEL = 0;
				GCC_PREPROCESSOR_DEFINITIONS = (
					"$(inherited)",
					"DEBUG=1",
				);
				GCC_WARN_64_TO_32_BIT_CONVERSION = YES;
				GCC_WARN_ABOUT_RETURN_TYPE = YES_ERROR;
				GCC_WARN_UNDECLARED_SELECTOR = YES;
				GCC_WARN_UNINITIALIZED_AUTOS = YES_AGGRESSIVE;
				GCC_WARN_UNUSED_FUNCTION = YES;
				GCC_WARN_UNUSED_VARIABLE = YES;
				IPHONEOS_DEPLOYMENT_TARGET = 17.0;
				MARKETING_VERSION = 1.0.0;
				MTL_ENABLE_DEBUG_INFO = INCLUDE_SOURCE;
				MTL_FAST_MATH = YES;
				ONLY_ACTIVE_ARCH = YES;
				PRODUCT_BUNDLE_IDENTIFIER = "ca.mowology.crm-field";
				PRODUCT_NAME = "$(TARGET_NAME)";
				SDKROOT = iphoneos;
				SWIFT_ACTIVE_COMPILATION_CONDITIONS = DEBUG;
				SWIFT_OPTIMIZATION_LEVEL = "-Onone";
				SWIFT_VERSION = 5.9;
				TARGETED_DEVICE_FAMILY = 1;
			};
			name = Debug;
		};
/* End XCBuildConfiguration section */

/* Begin XCConfigurationList section */
		05682076AD4FBB9FAC85319E /* Build configuration list for PBXNativeTarget "MowologyCRM" */ = {
			isa = XCConfigurationList;
			buildConfigurations = (
				D81C95CB7D65BF57F2EE9149 /* Debug */,
				676019409CEFA2C8658F7108 /* Release */,
			);
			defaultConfigurationIsVisible = 0;
			defaultConfigurationName = Debug;
		};
		B6C0A0462FB26E54836C8364 /* Build configuration list for PBXProject "MowologyCRM" */ = {
			isa = XCConfigurationList;
			buildConfigurations = (
				E5027AD2451C6F60AD91BE4B /* Debug */,
				BB917324C54A805DFBC39327 /* Release */,
			);
			defaultConfigurationIsVisible = 0;
			defaultConfigurationName = Debug;
		};
/* End XCConfigurationList section */
	};
	rootObject = A5901657DFF6ED7CF58BBE11 /* Project object */;
}
