// !$*UTF8*$!
{
	archiveVersion = 1;
	classes = {
	};
	objectVersion = 54;
	objects = {

/* Begin PBXBuildFile section */
		AA2D3E4F5A6B7C8D9E0F1A2B /* DevErrorBus.swift in Sources */ = {isa = PBXBuildFile; fileRef = BB2D3E4F5A6B7C8D9E0F1A2B /* DevErrorBus.swift */; };
		040D77CC7FC7DDF02E82AD32 /* KeychainStore.swift in Sources */ = {isa = PBXBuildFile; fileRef = 73D67877BC393CECB2E02474 /* KeychainStore.swift */; };
		06A537ABBFB8D5873812BDD2 /* StopCardView.swift in Sources */ = {isa = PBXBuildFile; fileRef = F73A09E1281950C78A2D0821 /* StopCardView.swift */; };
		14EB12BAF8F5CB77D7A4DF95 /* RootView.swift in Sources */ = {isa = PBXBuildFile; fileRef = 44859802708EFA50B0DE7353 /* RootView.swift */; };
		16136063FF479A7B6236094C /* ScheduleDay.swift in Sources */ = {isa = PBXBuildFile; fileRef = 816872EBC5C2A53815D7E212 /* ScheduleDay.swift */; };
		1A500E3E80626FB6683AA6F1 /* VisitDetailView.swift in Sources */ = {isa = PBXBuildFile; fileRef = AC8674D3A1F9F01248ECB134 /* VisitDetailView.swift */; };
		1D762428510570A1A0D08B4C /* DayListView.swift in Sources */ = {isa = PBXBuildFile; fileRef = C0E0EE6C511F5B6548BA7FB0 /* DayListView.swift */; };
		2FBD157C6E8D45ACE46C8079 /* AuthSession.swift in Sources */ = {isa = PBXBuildFile; fileRef = 11B9496B9E804E3CD0342C49 /* AuthSession.swift */; };
		42FE3CC920D2D08E173E259C /* APIError.swift in Sources */ = {isa = PBXBuildFile; fileRef = E2318C0D8CC141570D7D494B /* APIError.swift */; };
		4D2F723DF88B7B1C76F9826A /* WeekStripView.swift in Sources */ = {isa = PBXBuildFile; fileRef = 68D4D6F730154942832B001A /* WeekStripView.swift */; };
		4F1A2B3C4D5E6F7A8B9C0D1E /* MainTabView.swift in Sources */ = {isa = PBXBuildFile; fileRef = 1F2E3D4C5B6A7980A1B2C3D4 /* MainTabView.swift */; };
		50553DCBC50019B902081947 /* MowologyCRMApp.swift in Sources */ = {isa = PBXBuildFile; fileRef = A756819D930BDD10EFFEC4FA /* MowologyCRMApp.swift */; };
		559940D1EF1EF0CFE5B02CCF /* APIEndpoints.swift in Sources */ = {isa = PBXBuildFile; fileRef = 68F3A974B3D602E24E8A79E8 /* APIEndpoints.swift */; };
		8DA04E42442B3D09E704A1CA /* APIClient.swift in Sources */ = {isa = PBXBuildFile; fileRef = 2E7C92CC6796BADE174216F5 /* APIClient.swift */; };
		91FBDAEEE518FB75A1B8618F /* ScheduleView.swift in Sources */ = {isa = PBXBuildFile; fileRef = 6974DEA9D3487E5FED73FB01 /* ScheduleView.swift */; };
		97A54DA2AA9F9A04CA89CD15 /* LoginView.swift in Sources */ = {isa = PBXBuildFile; fileRef = 6BC0B66BE87B94B74DD29C05 /* LoginView.swift */; };
		98CACC8E6F7BCCE057B7ECE3 /* Stop.swift in Sources */ = {isa = PBXBuildFile; fileRef = 84917CCF5BF871EC2B745DC4 /* Stop.swift */; };
		BC6EBC60EA41994E7ACED719 /* ScheduleViewModel.swift in Sources */ = {isa = PBXBuildFile; fileRef = DEA3E082EB582E2D8825C262 /* ScheduleViewModel.swift */; };
		CA4E4AC42424C3DDC72267B8 /* LoginViewModel.swift in Sources */ = {isa = PBXBuildFile; fileRef = 82CAF080C57ADDAE06034F25 /* LoginViewModel.swift */; };
		E9B866846859D619AEF25219 /* Visit.swift in Sources */ = {isa = PBXBuildFile; fileRef = 46E2EA872345FA9825A6DF2E /* Visit.swift */; };
		F6DE13FCED1F010D001CEC2D /* User.swift in Sources */ = {isa = PBXBuildFile; fileRef = C9C49661C41333A49EE1D301 /* User.swift */; };
		A1B2C3D4E5F6A7B8C9D0E1F2 /* MWTheme.swift in Sources */ = {isa = PBXBuildFile; fileRef = B1C2D3E4F5A6B7C8D9E0F1A2 /* MWTheme.swift */; };
		C1D2E3F4A5B6C7D8E9F0A1B2 /* GPSTrackingService.swift in Sources */ = {isa = PBXBuildFile; fileRef = D1E2F3A4B5C6D7E8F9A0B1C2 /* GPSTrackingService.swift */; };
		E1F2A3B4C5D6E7F8A9B0C1D2 /* Expense.swift in Sources */ = {isa = PBXBuildFile; fileRef = F1A2B3C4D5E6F7A8B9C0D1E2 /* Expense.swift */; };
		A2B3C4D5E6F7A8B9C0D1E2F3 /* ReceiptIntakeResponse.swift in Sources */ = {isa = PBXBuildFile; fileRef = B2C3D4E5F6A7B8C9D0E1F2A3 /* ReceiptIntakeResponse.swift */; };
		C2D3E4F5A6B7C8D9E0F1A2B3 /* TimeClockModels.swift in Sources */ = {isa = PBXBuildFile; fileRef = D2E3F4A5B6C7D8E9F0A1B2C3 /* TimeClockModels.swift */; };
		E2F3A4B5C6D7E8F9A0B1C2D3 /* PingQueue.swift in Sources */ = {isa = PBXBuildFile; fileRef = F2A3B4C5D6E7F8A9B0C1D2E3 /* PingQueue.swift */; };
		A3B4C5D6E7F8A9B0C1D2E3F4 /* ReceiptQueue.swift in Sources */ = {isa = PBXBuildFile; fileRef = B3C4D5E6F7A8B9C0D1E2F3A4 /* ReceiptQueue.swift */; };
		C3D4E5F6A7B8C9D0E1F2A3B4 /* ReceiptCaptureView.swift in Sources */ = {isa = PBXBuildFile; fileRef = D3E4F5A6B7C8D9E0F1A2B3C4 /* ReceiptCaptureView.swift */; };
		E3F4A5B6C7D8E9F0A1B2C3D4 /* ReceiptReviewView.swift in Sources */ = {isa = PBXBuildFile; fileRef = F3A4B5C6D7E8F9A0B1C2D3E4 /* ReceiptReviewView.swift */; };
		A4B5C6D7E8F9A0B1C2D3E4F5 /* ReceiptsView.swift in Sources */ = {isa = PBXBuildFile; fileRef = B4C5D6E7F8A9B0C1D2E3F4A5 /* ReceiptsView.swift */; };
		C4D5E6F7A8B9C0D1E2F3A4B5 /* ReceiptsViewModel.swift in Sources */ = {isa = PBXBuildFile; fileRef = D4E5F6A7B8C9D0E1F2A3B4C5 /* ReceiptsViewModel.swift */; };
		E4F5A6B7C8D9E0F1A2B3C4D5 /* TimeClockView.swift in Sources */ = {isa = PBXBuildFile; fileRef = F4A5B6C7D8E9F0A1B2C3D4E5 /* TimeClockView.swift */; };
		A5B6C7D8E9F0A1B2C3D4E5F6 /* TimeClockViewModel.swift in Sources */ = {isa = PBXBuildFile; fileRef = B5C6D7E8F9A0B1C2D3E4F5A6 /* TimeClockViewModel.swift */; };
		C5D6E7F8A9B0C1D2E3F4A5B6 /* ErrorBannerView.swift in Sources */ = {isa = PBXBuildFile; fileRef = D5E6F7A8B9C0D1E2F3A4B5C6 /* ErrorBannerView.swift */; };
		E5F6A7B8C9D0E1F2A3B4C5D6 /* EmptyStateView.swift in Sources */ = {isa = PBXBuildFile; fileRef = F5A6B7C8D9E0F1A2B3C4D5E6 /* EmptyStateView.swift */; };
		E05E5BE6852481355F50E715 /* QuizModels.swift in Sources */ = {isa = PBXBuildFile; fileRef = F58C528031E10D2AF1D24FB6 /* QuizModels.swift */; };
		EDB878958BF796E8565B552E /* QuizHubView.swift in Sources */ = {isa = PBXBuildFile; fileRef = C93CE665359F862151833D56 /* QuizHubView.swift */; };
		9CEE2E4081FE6D3D82E38FB4 /* QuizHubViewModel.swift in Sources */ = {isa = PBXBuildFile; fileRef = 15C2CA1D936024DEBD8CF318 /* QuizHubViewModel.swift */; };
		232AD3CCFC67EB64071ABB2B /* QuizPlayView.swift in Sources */ = {isa = PBXBuildFile; fileRef = B00107B88E17774FDFC6C9D9 /* QuizPlayView.swift */; };
		1D18C36F9C0C4BF31C52E969 /* QuizPlayViewModel.swift in Sources */ = {isa = PBXBuildFile; fileRef = FAD687E56445E38401BA562D /* QuizPlayViewModel.swift */; };
		774A8DBFC633F0C6716FB512 /* QuizResultView.swift in Sources */ = {isa = PBXBuildFile; fileRef = CBE0E1F5BDDDF00F444B8E82 /* QuizResultView.swift */; };
		60189C5BBC6698BE5382FF02 /* QuizPreshiftGateView.swift in Sources */ = {isa = PBXBuildFile; fileRef = FEC96C68C6F401F55A4693DB /* QuizPreshiftGateView.swift */; };
/* End PBXBuildFile section */

/* Begin PBXFileReference section */
		BB2D3E4F5A6B7C8D9E0F1A2B /* DevErrorBus.swift */ = {isa = PBXFileReference; lastKnownFileType = sourcecode.swift; path = DevErrorBus.swift; sourceTree = "<group>"; };
		11B9496B9E804E3CD0342C49 /* AuthSession.swift */ = {isa = PBXFileReference; lastKnownFileType = sourcecode.swift; path = AuthSession.swift; sourceTree = "<group>"; };
		2E7C92CC6796BADE174216F5 /* APIClient.swift */ = {isa = PBXFileReference; lastKnownFileType = sourcecode.swift; path = APIClient.swift; sourceTree = "<group>"; };
		44859802708EFA50B0DE7353 /* RootView.swift */ = {isa = PBXFileReference; lastKnownFileType = sourcecode.swift; path = RootView.swift; sourceTree = "<group>"; };
		46E2EA872345FA9825A6DF2E /* Visit.swift */ = {isa = PBXFileReference; lastKnownFileType = sourcecode.swift; path = Visit.swift; sourceTree = "<group>"; };
		68D4D6F730154942832B001A /* WeekStripView.swift */ = {isa = PBXFileReference; lastKnownFileType = sourcecode.swift; path = WeekStripView.swift; sourceTree = "<group>"; };
		68F3A974B3D602E24E8A79E8 /* APIEndpoints.swift */ = {isa = PBXFileReference; lastKnownFileType = sourcecode.swift; path = APIEndpoints.swift; sourceTree = "<group>"; };
		6974DEA9D3487E5FED73FB01 /* ScheduleView.swift */ = {isa = PBXFileReference; lastKnownFileType = sourcecode.swift; path = ScheduleView.swift; sourceTree = "<group>"; };
		6BC0B66BE87B94B74DD29C05 /* LoginView.swift */ = {isa = PBXFileReference; lastKnownFileType = sourcecode.swift; path = LoginView.swift; sourceTree = "<group>"; };
		73D67877BC393CECB2E02474 /* KeychainStore.swift */ = {isa = PBXFileReference; lastKnownFileType = sourcecode.swift; path = KeychainStore.swift; sourceTree = "<group>"; };
		816872EBC5C2A53815D7E212 /* ScheduleDay.swift */ = {isa = PBXFileReference; lastKnownFileType = sourcecode.swift; path = ScheduleDay.swift; sourceTree = "<group>"; };
		1F2E3D4C5B6A7980A1B2C3D4 /* MainTabView.swift */ = {isa = PBXFileReference; lastKnownFileType = sourcecode.swift; path = MainTabView.swift; sourceTree = "<group>"; };
		82CAF080C57ADDAE06034F25 /* LoginViewModel.swift */ = {isa = PBXFileReference; lastKnownFileType = sourcecode.swift; path = LoginViewModel.swift; sourceTree = "<group>"; };
		84917CCF5BF871EC2B745DC4 /* Stop.swift */ = {isa = PBXFileReference; lastKnownFileType = sourcecode.swift; path = Stop.swift; sourceTree = "<group>"; };
		9DD091BEACD0F5E731BE8B0E /* Info.plist */ = {isa = PBXFileReference; lastKnownFileType = text.plist; path = Info.plist; sourceTree = "<group>"; };
		A756819D930BDD10EFFEC4FA /* MowologyCRMApp.swift */ = {isa = PBXFileReference; lastKnownFileType = sourcecode.swift; path = MowologyCRMApp.swift; sourceTree = "<group>"; };
		AC8522EE94548B7FD4F1982E /* MowologyCRM.app */ = {isa = PBXFileReference; includeInIndex = 0; lastKnownFileType = wrapper.application; path = MowologyCRM.app; sourceTree = BUILT_PRODUCTS_DIR; };
		AC8674D3A1F9F01248ECB134 /* VisitDetailView.swift */ = {isa = PBXFileReference; lastKnownFileType = sourcecode.swift; path = VisitDetailView.swift; sourceTree = "<group>"; };
		C0E0EE6C511F5B6548BA7FB0 /* DayListView.swift */ = {isa = PBXFileReference; lastKnownFileType = sourcecode.swift; path = DayListView.swift; sourceTree = "<group>"; };
		C9C49661C41333A49EE1D301 /* User.swift */ = {isa = PBXFileReference; lastKnownFileType = sourcecode.swift; path = User.swift; sourceTree = "<group>"; };
		DEA3E082EB582E2D8825C262 /* ScheduleViewModel.swift */ = {isa = PBXFileReference; lastKnownFileType = sourcecode.swift; path = ScheduleViewModel.swift; sourceTree = "<group>"; };
		E2318C0D8CC141570D7D494B /* APIError.swift */ = {isa = PBXFileReference; lastKnownFileType = sourcecode.swift; path = APIError.swift; sourceTree = "<group>"; };
		F73A09E1281950C78A2D0821 /* StopCardView.swift */ = {isa = PBXFileReference; lastKnownFileType = sourcecode.swift; path = StopCardView.swift; sourceTree = "<group>"; };
		B1C2D3E4F5A6B7C8D9E0F1A2 /* MWTheme.swift */ = {isa = PBXFileReference; lastKnownFileType = sourcecode.swift; path = MWTheme.swift; sourceTree = "<group>"; };
		D1E2F3A4B5C6D7E8F9A0B1C2 /* GPSTrackingService.swift */ = {isa = PBXFileReference; lastKnownFileType = sourcecode.swift; path = GPSTrackingService.swift; sourceTree = "<group>"; };
		F1A2B3C4D5E6F7A8B9C0D1E2 /* Expense.swift */ = {isa = PBXFileReference; lastKnownFileType = sourcecode.swift; path = Expense.swift; sourceTree = "<group>"; };
		B2C3D4E5F6A7B8C9D0E1F2A3 /* ReceiptIntakeResponse.swift */ = {isa = PBXFileReference; lastKnownFileType = sourcecode.swift; path = ReceiptIntakeResponse.swift; sourceTree = "<group>"; };
		D2E3F4A5B6C7D8E9F0A1B2C3 /* TimeClockModels.swift */ = {isa = PBXFileReference; lastKnownFileType = sourcecode.swift; path = TimeClockModels.swift; sourceTree = "<group>"; };
		F2A3B4C5D6E7F8A9B0C1D2E3 /* PingQueue.swift */ = {isa = PBXFileReference; lastKnownFileType = sourcecode.swift; path = PingQueue.swift; sourceTree = "<group>"; };
		B3C4D5E6F7A8B9C0D1E2F3A4 /* ReceiptQueue.swift */ = {isa = PBXFileReference; lastKnownFileType = sourcecode.swift; path = ReceiptQueue.swift; sourceTree = "<group>"; };
		D3E4F5A6B7C8D9E0F1A2B3C4 /* ReceiptCaptureView.swift */ = {isa = PBXFileReference; lastKnownFileType = sourcecode.swift; path = ReceiptCaptureView.swift; sourceTree = "<group>"; };
		F3A4B5C6D7E8F9A0B1C2D3E4 /* ReceiptReviewView.swift */ = {isa = PBXFileReference; lastKnownFileType = sourcecode.swift; path = ReceiptReviewView.swift; sourceTree = "<group>"; };
		B4C5D6E7F8A9B0C1D2E3F4A5 /* ReceiptsView.swift */ = {isa = PBXFileReference; lastKnownFileType = sourcecode.swift; path = ReceiptsView.swift; sourceTree = "<group>"; };
		D4E5F6A7B8C9D0E1F2A3B4C5 /* ReceiptsViewModel.swift */ = {isa = PBXFileReference; lastKnownFileType = sourcecode.swift; path = ReceiptsViewModel.swift; sourceTree = "<group>"; };
		F4A5B6C7D8E9F0A1B2C3D4E5 /* TimeClockView.swift */ = {isa = PBXFileReference; lastKnownFileType = sourcecode.swift; path = TimeClockView.swift; sourceTree = "<group>"; };
		B5C6D7E8F9A0B1C2D3E4F5A6 /* TimeClockViewModel.swift */ = {isa = PBXFileReference; lastKnownFileType = sourcecode.swift; path = TimeClockViewModel.swift; sourceTree = "<group>"; };
		D5E6F7A8B9C0D1E2F3A4B5C6 /* ErrorBannerView.swift */ = {isa = PBXFileReference; lastKnownFileType = sourcecode.swift; path = ErrorBannerView.swift; sourceTree = "<group>"; };
		F5A6B7C8D9E0F1A2B3C4D5E6 /* EmptyStateView.swift */ = {isa = PBXFileReference; lastKnownFileType = sourcecode.swift; path = EmptyStateView.swift; sourceTree = "<group>"; };
		F58C528031E10D2AF1D24FB6 /* QuizModels.swift */ = {isa = PBXFileReference; lastKnownFileType = sourcecode.swift; path = QuizModels.swift; sourceTree = "<group>"; };
		C93CE665359F862151833D56 /* QuizHubView.swift */ = {isa = PBXFileReference; lastKnownFileType = sourcecode.swift; path = QuizHubView.swift; sourceTree = "<group>"; };
		15C2CA1D936024DEBD8CF318 /* QuizHubViewModel.swift */ = {isa = PBXFileReference; lastKnownFileType = sourcecode.swift; path = QuizHubViewModel.swift; sourceTree = "<group>"; };
		B00107B88E17774FDFC6C9D9 /* QuizPlayView.swift */ = {isa = PBXFileReference; lastKnownFileType = sourcecode.swift; path = QuizPlayView.swift; sourceTree = "<group>"; };
		FAD687E56445E38401BA562D /* QuizPlayViewModel.swift */ = {isa = PBXFileReference; lastKnownFileType = sourcecode.swift; path = QuizPlayViewModel.swift; sourceTree = "<group>"; };
		CBE0E1F5BDDDF00F444B8E82 /* QuizResultView.swift */ = {isa = PBXFileReference; lastKnownFileType = sourcecode.swift; path = QuizResultView.swift; sourceTree = "<group>"; };
		FEC96C68C6F401F55A4693DB /* QuizPreshiftGateView.swift */ = {isa = PBXFileReference; lastKnownFileType = sourcecode.swift; path = QuizPreshiftGateView.swift; sourceTree = "<group>"; };
/* End PBXFileReference section */

/* Begin PBXGroup section */
		1885D2A87980EFA37DB91388 = {
			isa = PBXGroup;
			children = (
				51F215642B22B1FCC54B663F /* MowologyCRM */,
				636F64D13F9CF99C7CCAD7EA /* Products */,
			);
			sourceTree = "<group>";
		};
		3CAC498CFC84EC47A1CECC6B /* Network */ = {
			isa = PBXGroup;
			children = (
				2E7C92CC6796BADE174216F5 /* APIClient.swift */,
				68F3A974B3D602E24E8A79E8 /* APIEndpoints.swift */,
				E2318C0D8CC141570D7D494B /* APIError.swift */,
			);
			path = Network;
			sourceTree = "<group>";
		};
		51F215642B22B1FCC54B663F /* MowologyCRM */ = {
			isa = PBXGroup;
			children = (
				54688D29E559F2DD07C235D7 /* App */,
				69C62806CCCCD991CDBCA787 /* Core */,
				D0CF88BD79C1A5858F773D21 /* Features */,
				FB0806EF10DF19FBF92400BE /* Resources */,
			);
			path = MowologyCRM;
			sourceTree = "<group>";
		};
		54688D29E559F2DD07C235D7 /* App */ = {
			isa = PBXGroup;
			children = (
				1F2E3D4C5B6A7980A1B2C3D4 /* MainTabView.swift */,
				A756819D930BDD10EFFEC4FA /* MowologyCRMApp.swift */,
				44859802708EFA50B0DE7353 /* RootView.swift */,
			);
			path = App;
			sourceTree = "<group>";
		};
		636F64D13F9CF99C7CCAD7EA /* Products */ = {
			isa = PBXGroup;
			children = (
				AC8522EE94548B7FD4F1982E /* MowologyCRM.app */,
			);
			name = Products;
			sourceTree = "<group>";
		};
		CC2D3E4F5A6B7C8D9E0F1A2B /* Debug */ = {
			isa = PBXGroup;
			children = (
				BB2D3E4F5A6B7C8D9E0F1A2B /* DevErrorBus.swift */,
			);
			path = Debug;
			sourceTree = "<group>";
		};
		69C62806CCCCD991CDBCA787 /* Core */ = {
			isa = PBXGroup;
			children = (
				F6A7B8C9D0E1F2A3B4C5D6E7 /* Components */,
				A6B7C8D9E0F1A2B3C4D5E6F7 /* Design */,
				6F2222B3A02473B1F4FB7FA3 /* Auth */,
				CC2D3E4F5A6B7C8D9E0F1A2B /* Debug */,
				B6C7D8E9F0A1B2C3D4E5F6A7 /* Location */,
				FA9C633C7B7B0D0E5CBAEA59 /* Models */,
				3CAC498CFC84EC47A1CECC6B /* Network */,
				C6D7E8F9A0B1C2D3E4F5A6B7 /* Offline */,
			);
			path = Core;
			sourceTree = "<group>";
		};
		6F2222B3A02473B1F4FB7FA3 /* Auth */ = {
			isa = PBXGroup;
			children = (
				11B9496B9E804E3CD0342C49 /* AuthSession.swift */,
				73D67877BC393CECB2E02474 /* KeychainStore.swift */,
			);
			path = Auth;
			sourceTree = "<group>";
		};
		77C42B8E19B50F970FF6A5FB /* Schedule */ = {
			isa = PBXGroup;
			children = (
				C0E0EE6C511F5B6548BA7FB0 /* DayListView.swift */,
				6974DEA9D3487E5FED73FB01 /* ScheduleView.swift */,
				DEA3E082EB582E2D8825C262 /* ScheduleViewModel.swift */,
				F73A09E1281950C78A2D0821 /* StopCardView.swift */,
				AC8674D3A1F9F01248ECB134 /* VisitDetailView.swift */,
				68D4D6F730154942832B001A /* WeekStripView.swift */,
			);
			path = Schedule;
			sourceTree = "<group>";
		};
		CE20BCAEE842327D670D075B /* Auth */ = {
			isa = PBXGroup;
			children = (
				6BC0B66BE87B94B74DD29C05 /* LoginView.swift */,
				82CAF080C57ADDAE06034F25 /* LoginViewModel.swift */,
			);
			path = Auth;
			sourceTree = "<group>";
		};
		D0CF88BD79C1A5858F773D21 /* Features */ = {
			isa = PBXGroup;
			children = (
				CE20BCAEE842327D670D075B /* Auth */,
				D6E7F8A9B0C1D2E3F4A5B6C7 /* Receipts */,
				77C42B8E19B50F970FF6A5FB /* Schedule */,
				E6F7A8B9C0D1E2F3A4B5C6D7 /* TimeClock */,
			);
			path = Features;
			sourceTree = "<group>";
		};
		FA9C633C7B7B0D0E5CBAEA59 /* Models */ = {
			isa = PBXGroup;
			children = (
				F1A2B3C4D5E6F7A8B9C0D1E2 /* Expense.swift */,
				816872EBC5C2A53815D7E212 /* ScheduleDay.swift */,
				B2C3D4E5F6A7B8C9D0E1F2A3 /* ReceiptIntakeResponse.swift */,
				D2E3F4A5B6C7D8E9F0A1B2C3 /* TimeClockModels.swift */,
				84917CCF5BF871EC2B745DC4 /* Stop.swift */,
				C9C49661C41333A49EE1D301 /* User.swift */,
				46E2EA872345FA9825A6DF2E /* Visit.swift */,
							E0AAB5304BFC39D72D5240BB /* Quiz */,
);
			path = Models;
			sourceTree = "<group>";
		};
		FB0806EF10DF19FBF92400BE /* Resources */ = {
			isa = PBXGroup;
			children = (
				9DD091BEACD0F5E731BE8B0E /* Info.plist */,
							F58C528031E10D2AF1D24FB6 /* QuizModels.swift */,
);
			path = Resources;
			sourceTree = "<group>";
		};

		A6B7C8D9E0F1A2B3C4D5E6F7 /* Design */ = {
			isa = PBXGroup;
			children = (
				B1C2D3E4F5A6B7C8D9E0F1A2 /* MWTheme.swift */,
			);
			path = Design;
			sourceTree = "<group>";
		};
		B6C7D8E9F0A1B2C3D4E5F6A7 /* Location */ = {
			isa = PBXGroup;
			children = (
				D1E2F3A4B5C6D7E8F9A0B1C2 /* GPSTrackingService.swift */,
			);
			path = Location;
			sourceTree = "<group>";
		};
		C6D7E8F9A0B1C2D3E4F5A6B7 /* Offline */ = {
			isa = PBXGroup;
			children = (
				F2A3B4C5D6E7F8A9B0C1D2E3 /* PingQueue.swift */,
				B3C4D5E6F7A8B9C0D1E2F3A4 /* ReceiptQueue.swift */,
			);
			path = Offline;
			sourceTree = "<group>";
		};
		D6E7F8A9B0C1D2E3F4A5B6C7 /* Receipts */ = {
			isa = PBXGroup;
			children = (
				D3E4F5A6B7C8D9E0F1A2B3C4 /* ReceiptCaptureView.swift */,
				F3A4B5C6D7E8F9A0B1C2D3E4 /* ReceiptReviewView.swift */,
				B4C5D6E7F8A9B0C1D2E3F4A5 /* ReceiptsView.swift */,
				D4E5F6A7B8C9D0E1F2A3B4C5 /* ReceiptsViewModel.swift */,
			);
			path = Receipts;
			sourceTree = "<group>";
		};
		E6F7A8B9C0D1E2F3A4B5C6D7 /* TimeClock */ = {
			isa = PBXGroup;
			children = (
				F4A5B6C7D8E9F0A1B2C3D4E5 /* TimeClockView.swift */,
				B5C6D7E8F9A0B1C2D3E4F5A6 /* TimeClockViewModel.swift */,
			);
			path = TimeClock;
			sourceTree = "<group>";
		};
		F6A7B8C9D0E1F2A3B4C5D6E7 /* Components */ = {
			isa = PBXGroup;
			children = (
				D5E6F7A8B9C0D1E2F3A4B5C6 /* ErrorBannerView.swift */,
				F5A6B7C8D9E0F1A2B3C4D5E6 /* EmptyStateView.swift */,
			);
			path = Components;
			sourceTree = "<group>";
		};
		E0AAB5304BFC39D72D5240BB /* Quiz */ = {
			isa = PBXGroup;
			children = (
				C93CE665359F862151833D56 /* QuizHubView.swift */,
			);
			path = Quiz;
			sourceTree = "<group>";
		};
/* End PBXGroup section */

/* Begin PBXNativeTarget section */
		B894F8507D292A0047B6D7C1 /* MowologyCRM */ = {
			isa = PBXNativeTarget;
			buildConfigurationList = 05682076AD4FBB9FAC85319E /* Build configuration list for PBXNativeTarget "MowologyCRM" */;
			buildPhases = (
				ECA6CAB465C1A98FD53545D2 /* Sources */,
			);
			buildRules = (
			);
			dependencies = (
			);
			name = MowologyCRM;
			productName = MowologyCRM;
			productReference = AC8522EE94548B7FD4F1982E /* MowologyCRM.app */;
			productType = "com.apple.product-type.application";
		};
/* End PBXNativeTarget section */

/* Begin PBXProject section */
		A5901657DFF6ED7CF58BBE11 /* Project object */ = {
			isa = PBXProject;
			attributes = {
				BuildIndependentTargetsInParallel = YES;
				LastUpgradeCheck = 1500;
				TargetAttributes = {
					B894F8507D292A0047B6D7C1 = {
						DevelopmentTeam = "";
						ProvisioningStyle = Automatic;
					};
				};
			};
			buildConfigurationList = B6C0A0462FB26E54836C8364 /* Build configuration list for PBXProject "MowologyCRM" */;
			compatibilityVersion = "Xcode 14.0";
			developmentRegion = en;
			hasScannedForEncodings = 0;
			knownRegions = (
				Base,
				en,
			);
			mainGroup = 1885D2A87980EFA37DB91388;
			projectDirPath = "";
			projectRoot = "";
			targets = (
				B894F8507D292A0047B6D7C1 /* MowologyCRM */,
			);
		};
/* End PBXProject section */

/* Begin PBXSourcesBuildPhase section */
		ECA6CAB465C1A98FD53545D2 /* Sources */ = {
			isa = PBXSourcesBuildPhase;
			buildActionMask = 2147483647;
			files = (
				AA2D3E4F5A6B7C8D9E0F1A2B /* DevErrorBus.swift in Sources */,
				A1B2C3D4E5F6A7B8C9D0E1F2 /* MWTheme.swift in Sources */,
				C1D2E3F4A5B6C7D8E9F0A1B2 /* GPSTrackingService.swift in Sources */,
				E1F2A3B4C5D6E7F8A9B0C1D2 /* Expense.swift in Sources */,
				A2B3C4D5E6F7A8B9C0D1E2F3 /* ReceiptIntakeResponse.swift in Sources */,
				C2D3E4F5A6B7C8D9E0F1A2B3 /* TimeClockModels.swift in Sources */,
				E2F3A4B5C6D7E8F9A0B1C2D3 /* PingQueue.swift in Sources */,
				A3B4C5D6E7F8A9B0C1D2E3F4 /* ReceiptQueue.swift in Sources */,
				C3D4E5F6A7B8C9D0E1F2A3B4 /* ReceiptCaptureView.swift in Sources */,
				E3F4A5B6C7D8E9F0A1B2C3D4 /* ReceiptReviewView.swift in Sources */,
				A4B5C6D7E8F9A0B1C2D3E4F5 /* ReceiptsView.swift in Sources */,
				C4D5E6F7A8B9C0D1E2F3A4B5 /* ReceiptsViewModel.swift in Sources */,
				E4F5A6B7C8D9E0F1A2B3C4D5 /* TimeClockView.swift in Sources */,
				A5B6C7D8E9F0A1B2C3D4E5F6 /* TimeClockViewModel.swift in Sources */,
				C5D6E7F8A9B0C1D2E3F4A5B6 /* ErrorBannerView.swift in Sources */,
				E5F6A7B8C9D0E1F2A3B4C5D6 /* EmptyStateView.swift in Sources */,

				8DA04E42442B3D09E704A1CA /* APIClient.swift in Sources */,
				559940D1EF1EF0CFE5B02CCF /* APIEndpoints.swift in Sources */,
				42FE3CC920D2D08E173E259C /* APIError.swift in Sources */,
				2FBD157C6E8D45ACE46C8079 /* AuthSession.swift in Sources */,
				1D762428510570A1A0D08B4C /* DayListView.swift in Sources */,
				040D77CC7FC7DDF02E82AD32 /* KeychainStore.swift in Sources */,
				97A54DA2AA9F9A04CA89CD15 /* LoginView.swift in Sources */,
				CA4E4AC42424C3DDC72267B8 /* LoginViewModel.swift in Sources */,
				4F1A2B3C4D5E6F7A8B9C0D1E /* MainTabView.swift in Sources */,
				50553DCBC50019B902081947 /* MowologyCRMApp.swift in Sources */,
				14EB12BAF8F5CB77D7A4DF95 /* RootView.swift in Sources */,
				16136063FF479A7B6236094C /* ScheduleDay.swift in Sources */,
				91FBDAEEE518FB75A1B8618F /* ScheduleView.swift in Sources */,
				BC6EBC60EA41994E7ACED719 /* ScheduleViewModel.swift in Sources */,
				98CACC8E6F7BCCE057B7ECE3 /* Stop.swift in Sources */,
				06A537ABBFB8D5873812BDD2 /* StopCardView.swift in Sources */,
				F6DE13FCED1F010D001CEC2D /* User.swift in Sources */,
				E9B866846859D619AEF25219 /* Visit.swift in Sources */,
				1A500E3E80626FB6683AA6F1 /* VisitDetailView.swift in Sources */,
				4D2F723DF88B7B1C76F9826A /* WeekStripView.swift in Sources */,
			);
			runOnlyForDeploymentPostprocessing = 0;
		};
/* End PBXSourcesBuildPhase section */

/* Begin XCBuildConfiguration section */
		676019409CEFA2C8658F7108 /* Release */ = {
			isa = XCBuildConfiguration;
			buildSettings = {
				ASSETCATALOG_COMPILER_APPICON_NAME = AppIcon;
				CODE_SIGN_IDENTITY = "iPhone Developer";
				CODE_SIGN_STYLE = Automatic;
				INFOPLIST_FILE = MowologyCRM/Resources/Info.plist;
				IPHONEOS_DEPLOYMENT_TARGET = 17.0;
				LD_RUNPATH_SEARCH_PATHS = (
					"$(inherited)",
					"@executable_path/Frameworks",
				);
				SDKROOT = iphoneos;
				TARGETED_DEVICE_FAMILY = "1,2";
			};
			name = Release;
		};
		BB917324C54A805DFBC39327 /* Release */ = {
			isa = XCBuildConfiguration;
			buildSettings = {
				ALWAYS_SEARCH_USER_PATHS = NO;
				CLANG_ANALYZER_NONNULL = YES;
				CLANG_ANALYZER_NUMBER_OBJECT_CONVERSION = YES_AGGRESSIVE;
				CLANG_CXX_LANGUAGE_STANDARD = "gnu++14";
				CLANG_CXX_LIBRARY = "libc++";
				CLANG_ENABLE_MODULES = YES;
				CLANG_ENABLE_OBJC_ARC = YES;
				CLANG_ENABLE_OBJC_WEAK = YES;
				CLANG_WARN_BLOCK_CAPTURE_AUTORELEASING = YES;
				CLANG_WARN_BOOL_CONVERSION = YES;
				CLANG_WARN_COMMA = YES;
				CLANG_WARN_CONSTANT_CONVERSION = YES;
				CLANG_WARN_DEPRECATED_OBJC_IMPLEMENTATIONS = YES;
				CLANG_WARN_DIRECT_OBJC_ISA_USAGE = YES_ERROR;
				CLANG_WARN_DOCUMENTATION_COMMENTS = YES;
				CLANG_WARN_EMPTY_BODY = YES;
				CLANG_WARN_ENUM_CONVERSION = YES;
				CLANG_WARN_INFINITE_RECURSION = YES;
				CLANG_WARN_INT_CONVERSION = YES;
				CLANG_WARN_NON_LITERAL_NULL_CONVERSION = YES;
				CLANG_WARN_OBJC_IMPLICIT_RETAIN_SELF = YES;
				CLANG_WARN_OBJC_LITERAL_CONVERSION = YES;
				CLANG_WARN_OBJC_ROOT_CLASS = YES_ERROR;
				CLANG_WARN_QUOTED_INCLUDE_IN_FRAMEWORK_HEADER = YES;
				CLANG_WARN_RANGE_LOOP_ANALYSIS = YES;
				CLANG_WARN_STRICT_PROTOTYPES = YES;
				CLANG_WARN_SUSPICIOUS_MOVE = YES;
				CLANG_WARN_UNGUARDED_AVAILABILITY = YES_AGGRESSIVE;
				CLANG_WARN_UNREACHABLE_CODE = YES;
				CLANG_WARN__DUPLICATE_METHOD_MATCH = YES;
				COPY_PHASE_STRIP = NO;
				CURRENT_PROJECT_VERSION = 1;
				DEBUG_INFORMATION_FORMAT = "dwarf-with-dsym";
				DEVELOPMENT_TEAM = "";
				ENABLE_NS_ASSERTIONS = NO;
				ENABLE_STRICT_OBJC_MSGSEND = YES;
				GCC_C_LANGUAGE_STANDARD = gnu11;
				GCC_NO_COMMON_BLOCKS = YES;
				GCC_WARN_64_TO_32_BIT_CONVERSION = YES;
				GCC_WARN_ABOUT_RETURN_TYPE = YES_ERROR;
				GCC_WARN_UNDECLARED_SELECTOR = YES;
				GCC_WARN_UNINITIALIZED_AUTOS = YES_AGGRESSIVE;
				GCC_WARN_UNUSED_FUNCTION = YES;
				GCC_WARN_UNUSED_VARIABLE = YES;
				IPHONEOS_DEPLOYMENT_TARGET = 17.0;
				MARKETING_VERSION = 1.0.0;
				MTL_ENABLE_DEBUG_INFO = NO;
				MTL_FAST_MATH = YES;
				PRODUCT_BUNDLE_IDENTIFIER = "ca.mowology.crm-field";
				PRODUCT_NAME = "$(TARGET_NAME)";
				SDKROOT = iphoneos;
				SWIFT_COMPILATION_MODE = wholemodule;
				SWIFT_OPTIMIZATION_LEVEL = "-O";
				SWIFT_VERSION = 5.9;
				TARGETED_DEVICE_FAMILY = 1;
			};
			name = Release;
		};
		D81C95CB7D65BF57F2EE9149 /* Debug */ = {
			isa = XCBuildConfiguration;
			buildSettings = {
				ASSETCATALOG_COMPILER_APPICON_NAME = AppIcon;
				CODE_SIGN_IDENTITY = "iPhone Developer";
				CODE_SIGN_STYLE = Automatic;
				INFOPLIST_FILE = MowologyCRM/Resources/Info.plist;
				IPHONEOS_DEPLOYMENT_TARGET = 17.0;
				LD_RUNPATH_SEARCH_PATHS = (
					"$(inherited)",
					"@executable_path/Frameworks",
				);
				SDKROOT = iphoneos;
				TARGETED_DEVICE_FAMILY = "1,2";
			};
			name = Debug;
		};
		E5027AD2451C6F60AD91BE4B /* Debug */ = {
			isa = XCBuildConfiguration;
			buildSettings = {
				ALWAYS_SEARCH_USER_PATHS = NO;
				CLANG_ANALYZER_NONNULL = YES;
				CLANG_ANALYZER_NUMBER_OBJECT_CONVERSION = YES_AGGRESSIVE;
				CLANG_CXX_LANGUAGE_STANDARD = "gnu++14";
				CLANG_CXX_LIBRARY = "libc++";
				CLANG_ENABLE_MODULES = YES;
				CLANG_ENABLE_OBJC_ARC = YES;
				CLANG_ENABLE_OBJC_WEAK = YES;
				CLANG_WARN_BLOCK_CAPTURE_AUTORELEASING = YES;
				CLANG_WARN_BOOL_CONVERSION = YES;
				CLANG_WARN_COMMA = YES;
				CLANG_WARN_CONSTANT_CONVERSION = YES;
				CLANG_WARN_DEPRECATED_OBJC_IMPLEMENTATIONS = YES;
				CLANG_WARN_DIRECT_OBJC_ISA_USAGE = YES_ERROR;
				CLANG_WARN_DOCUMENTATION_COMMENTS = YES;
				CLANG_WARN_EMPTY_BODY = YES;
				CLANG_WARN_ENUM_CONVERSION = YES;
				CLANG_WARN_INFINITE_RECURSION = YES;
				CLANG_WARN_INT_CONVERSION = YES;
				CLANG_WARN_NON_LITERAL_NULL_CONVERSION = YES;
				CLANG_WARN_OBJC_IMPLICIT_RETAIN_SELF = YES;
				CLANG_WARN_OBJC_LITERAL_CONVERSION = YES;
				CLANG_WARN_OBJC_ROOT_CLASS = YES_ERROR;
				CLANG_WARN_QUOTED_INCLUDE_IN_FRAMEWORK_HEADER = YES;
				CLANG_WARN_RANGE_LOOP_ANALYSIS = YES;
				CLANG_WARN_STRICT_PROTOTYPES = YES;
				CLANG_WARN_SUSPICIOUS_MOVE = YES;
				CLANG_WARN_UNGUARDED_AVAILABILITY = YES_AGGRESSIVE;
				CLANG_WARN_UNREACHABLE_CODE = YES;
				CLANG_WARN__DUPLICATE_METHOD_MATCH = YES;
				COPY_PHASE_STRIP = NO;
				CURRENT_PROJECT_VERSION = 1;
				DEBUG_INFORMATION_FORMAT = dwarf;
				DEVELOPMENT_TEAM = "";
				ENABLE_STRICT_OBJC_MSGSEND = YES;
				ENABLE_TESTABILITY = YES;
				GCC_C_LANGUAGE_STANDARD = gnu11;
				GCC_DYNAMIC_NO_PIC = NO;
				GCC_NO_COMMON_BLOCKS = YES;
				GCC_OPTIMIZATION_LEVEL = 0;
				GCC_PREPROCESSOR_DEFINITIONS = (
					"$(inherited)",
					"DEBUG=1",
				);
				GCC_WARN_64_TO_32_BIT_CONVERSION = YES;
				GCC_WARN_ABOUT_RETURN_TYPE = YES_ERROR;
				GCC_WARN_UNDECLARED_SELECTOR = YES;
				GCC_WARN_UNINITIALIZED_AUTOS = YES_AGGRESSIVE;
				GCC_WARN_UNUSED_FUNCTION = YES;
				GCC_WARN_UNUSED_VARIABLE = YES;
				IPHONEOS_DEPLOYMENT_TARGET = 17.0;
				MARKETING_VERSION = 1.0.0;
				MTL_ENABLE_DEBUG_INFO = INCLUDE_SOURCE;
				MTL_FAST_MATH = YES;
				ONLY_ACTIVE_ARCH = YES;
				PRODUCT_BUNDLE_IDENTIFIER = "ca.mowology.crm-field";
				PRODUCT_NAME = "$(TARGET_NAME)";
				SDKROOT = iphoneos;
				SWIFT_ACTIVE_COMPILATION_CONDITIONS = DEBUG;
				SWIFT_OPTIMIZATION_LEVEL = "-Onone";
				SWIFT_VERSION = 5.9;
				TARGETED_DEVICE_FAMILY = 1;
			};
			name = Debug;
		};
/* End XCBuildConfiguration section */

/* Begin XCConfigurationList section */
		05682076AD4FBB9FAC85319E /* Build configuration list for PBXNativeTarget "MowologyCRM" */ = {
			isa = XCConfigurationList;
			buildConfigurations = (
				D81C95CB7D65BF57F2EE9149 /* Debug */,
				676019409CEFA2C8658F7108 /* Release */,
			);
			defaultConfigurationIsVisible = 0;
			defaultConfigurationName = Debug;
		};
		B6C0A0462FB26E54836C8364 /* Build configuration list for PBXProject "MowologyCRM" */ = {
			isa = XCConfigurationList;
			buildConfigurations = (
				E5027AD2451C6F60AD91BE4B /* Debug */,
				BB917324C54A805DFBC39327 /* Release */,
			);
			defaultConfigurationIsVisible = 0;
			defaultConfigurationName = Debug;
		};
/* End XCConfigurationList section */
	};
	rootObject = A5901657DFF6ED7CF58BBE11 /* Project object */;
}
